// !$*UTF8*$!
{
	archiveVersion = 1;
	classes = {
	};
	objectVersion = 46;
	objects = {

/* Begin PBXBuildFile section */
		22002EDD161097EC00464D33 /* CURLProtocolTests.m in Sources */ = {isa = PBXBuildFile; fileRef = 22002EDC161097EC00464D33 /* CURLProtocolTests.m */; };
		221EAD11160B167900E4F270 /* CURLMulti.h in Headers */ = {isa = PBXBuildFile; fileRef = 221EAD0F160B167900E4F270 /* CURLMulti.h */; };
		221EAD12160B167900E4F270 /* CURLMulti.m in Sources */ = {isa = PBXBuildFile; fileRef = 221EAD10160B167900E4F270 /* CURLMulti.m */; };
		223FD095160B523700BE1C80 /* SenTestingKit.framework in Frameworks */ = {isa = PBXBuildFile; fileRef = 223FD094160B523700BE1C80 /* SenTestingKit.framework */; };
		223FD0A1160B523700BE1C80 /* InfoPlist.strings in Resources */ = {isa = PBXBuildFile; fileRef = 223FD09F160B523700BE1C80 /* InfoPlist.strings */; };
		223FD0A4160B523700BE1C80 /* CURLMultiTests.m in Sources */ = {isa = PBXBuildFile; fileRef = 223FD0A3160B523700BE1C80 /* CURLMultiTests.m */; };
		223FD0AC160B5F1200BE1C80 /* CURLHandleTests.m in Sources */ = {isa = PBXBuildFile; fileRef = 223FD0AB160B5F1200BE1C80 /* CURLHandleTests.m */; };
		226B358D16ADAA6D004780A7 /* CURLHandle.framework in Frameworks */ = {isa = PBXBuildFile; fileRef = 8DC2EF5B0486A6940098B216 /* CURLHandle.framework */; };
		2270F4A116108D44009B6F98 /* NSURLRequest+CURLHandle.h in Headers */ = {isa = PBXBuildFile; fileRef = 2270F49F16108D44009B6F98 /* NSURLRequest+CURLHandle.h */; settings = {ATTRIBUTES = (Public, ); }; };
		2270F4A7161090AB009B6F98 /* CURLResponse.h in Headers */ = {isa = PBXBuildFile; fileRef = 2270F4A5161090AB009B6F98 /* CURLResponse.h */; };
		2270F4A8161090AB009B6F98 /* CURLResponse.m in Sources */ = {isa = PBXBuildFile; fileRef = 2270F4A6161090AB009B6F98 /* CURLResponse.m */; };
		2270F4AC16109133009B6F98 /* NSString+CURLHandle.h in Headers */ = {isa = PBXBuildFile; fileRef = 2270F4AA16109133009B6F98 /* NSString+CURLHandle.h */; };
		2270F4AD16109133009B6F98 /* NSString+CURLHandle.m in Sources */ = {isa = PBXBuildFile; fileRef = 2270F4AB16109133009B6F98 /* NSString+CURLHandle.m */; };
		22731038161305FF00D6D49E /* CURLSocket.h in Headers */ = {isa = PBXBuildFile; fileRef = 22731036161305FF00D6D49E /* CURLSocket.h */; };
		22731039161305FF00D6D49E /* CURLSocket.m in Sources */ = {isa = PBXBuildFile; fileRef = 22731037161305FF00D6D49E /* CURLSocket.m */; };
		22767ED9161078F2008D0848 /* NSDictionary+CURLHandle.h in Headers */ = {isa = PBXBuildFile; fileRef = 22767ED7161078F1008D0848 /* NSDictionary+CURLHandle.h */; };
		22767EDA161078F2008D0848 /* NSDictionary+CURLHandle.m in Sources */ = {isa = PBXBuildFile; fileRef = 22767ED8161078F1008D0848 /* NSDictionary+CURLHandle.m */; };
		2287EBF116B7CF9A0039E555 /* KMSCloseCommand.m in Sources */ = {isa = PBXBuildFile; fileRef = 2287EBE616B7CF9A0039E555 /* KMSCloseCommand.m */; };
		2287EBF216B7CF9A0039E555 /* KMSCommand.m in Sources */ = {isa = PBXBuildFile; fileRef = 2287EBE816B7CF9A0039E555 /* KMSCommand.m */; };
		2287EBF316B7CF9A0039E555 /* KMSPauseCommand.m in Sources */ = {isa = PBXBuildFile; fileRef = 2287EBEA16B7CF9A0039E555 /* KMSPauseCommand.m */; };
		2287EBF416B7CF9A0039E555 /* KMSSendDataCommand.m in Sources */ = {isa = PBXBuildFile; fileRef = 2287EBEC16B7CF9A0039E555 /* KMSSendDataCommand.m */; };
		2287EBF516B7CF9A0039E555 /* KMSSendServerDataCommand.m in Sources */ = {isa = PBXBuildFile; fileRef = 2287EBEE16B7CF9A0039E555 /* KMSSendServerDataCommand.m */; };
		2287EBF616B7CF9A0039E555 /* KMSSendStringCommand.m in Sources */ = {isa = PBXBuildFile; fileRef = 2287EBF016B7CF9A0039E555 /* KMSSendStringCommand.m */; };
		229748FC1610C1AE0042A51A /* CURLHandleBasedTest.m in Sources */ = {isa = PBXBuildFile; fileRef = 229748FB1610C1AE0042A51A /* CURLHandleBasedTest.m */; };
		22BCCE3316ADD66900DFFE8D /* Security.framework in Frameworks */ = {isa = PBXBuildFile; fileRef = 27D77E151672BD9B0091EF91 /* Security.framework */; };
		22BCCE3C16ADD73400DFFE8D /* CFNetwork.framework in Frameworks */ = {isa = PBXBuildFile; fileRef = 277D77E1160380AF00906915 /* CFNetwork.framework */; };
		22BF085516AEAA76009BE5A3 /* NSURLRequest+CURLHandle.m in Sources */ = {isa = PBXBuildFile; fileRef = 2270F4A016108D44009B6F98 /* NSURLRequest+CURLHandle.m */; };
		22BF085616AEAA7A009BE5A3 /* CK2SSHCredential.m in Sources */ = {isa = PBXBuildFile; fileRef = 27D77E121672BBB50091EF91 /* CK2SSHCredential.m */; };
		22BF089C16AEECEC009BE5A3 /* KMSConnection.m in Sources */ = {isa = PBXBuildFile; fileRef = 22BF086316AEECEC009BE5A3 /* KMSConnection.m */; };
		22BF089D16AEECEC009BE5A3 /* KMSListener.m in Sources */ = {isa = PBXBuildFile; fileRef = 22BF086516AEECEC009BE5A3 /* KMSListener.m */; };
		22BF089E16AEECEC009BE5A3 /* KMSRegExResponder.m in Sources */ = {isa = PBXBuildFile; fileRef = 22BF086716AEECEC009BE5A3 /* KMSRegExResponder.m */; };
		22BF089F16AEECEC009BE5A3 /* KMSResponder.m in Sources */ = {isa = PBXBuildFile; fileRef = 22BF086916AEECEC009BE5A3 /* KMSResponder.m */; };
		22BF08A016AEECEC009BE5A3 /* KMSResponseCollection.m in Sources */ = {isa = PBXBuildFile; fileRef = 22BF086B16AEECEC009BE5A3 /* KMSResponseCollection.m */; };
		22BF08A116AEECEC009BE5A3 /* KMSServer.m in Sources */ = {isa = PBXBuildFile; fileRef = 22BF086D16AEECEC009BE5A3 /* KMSServer.m */; };
		22BF08A216AEECEC009BE5A3 /* KMSTestCase.m in Sources */ = {isa = PBXBuildFile; fileRef = 22BF087016AEECEC009BE5A3 /* KMSTestCase.m */; };
		22BF08C116AEEDA9009BE5A3 /* KMSTranscriptEntry.m in Sources */ = {isa = PBXBuildFile; fileRef = 22BF08C016AEEDA9009BE5A3 /* KMSTranscriptEntry.m */; };
		22BF08E216AEEDD9009BE5A3 /* ftp.json in Resources */ = {isa = PBXBuildFile; fileRef = 22BF08C316AEEDD8009BE5A3 /* ftp.json */; };
		22BF08E316AEEDD9009BE5A3 /* http.json in Resources */ = {isa = PBXBuildFile; fileRef = 22BF08C416AEEDD8009BE5A3 /* http.json */; };
		22BF08F316AEEDD9009BE5A3 /* webdav.json in Resources */ = {isa = PBXBuildFile; fileRef = 22BF08E116AEEDD9009BE5A3 /* webdav.json */; };
		22DC488516CC115300211948 /* TestContent.txt in Resources */ = {isa = PBXBuildFile; fileRef = 22DC488416CC115300211948 /* TestContent.txt */; };
		27229B3A14C83905007D0FF1 /* CURLProtocol.h in Headers */ = {isa = PBXBuildFile; fileRef = 27229B3814C83905007D0FF1 /* CURLProtocol.h */; settings = {ATTRIBUTES = (Public, ); }; };
		27229B3B14C83905007D0FF1 /* CURLProtocol.m in Sources */ = {isa = PBXBuildFile; fileRef = 27229B3914C83905007D0FF1 /* CURLProtocol.m */; };
		277D77E01603804900906915 /* Foundation.framework in Frameworks */ = {isa = PBXBuildFile; fileRef = 0867D69BFE84028FC02AAC07 /* Foundation.framework */; };
		277D77E2160380AF00906915 /* CFNetwork.framework in Frameworks */ = {isa = PBXBuildFile; fileRef = 277D77E1160380AF00906915 /* CFNetwork.framework */; };
		27D77E131672BBB50091EF91 /* CK2SSHCredential.h in Headers */ = {isa = PBXBuildFile; fileRef = 27D77E111672BBB50091EF91 /* CK2SSHCredential.h */; };
		27D77E161672BD9B0091EF91 /* Security.framework in Frameworks */ = {isa = PBXBuildFile; fileRef = 27D77E151672BD9B0091EF91 /* Security.framework */; };
		5F7A490216FFAFAB0000D203 /* libcurl.dylib in Frameworks */ = {isa = PBXBuildFile; fileRef = 5F7A48FF16FFAF410000D203 /* libcurl.dylib */; };
		5F7A490F16FFB4190000D203 /* Foundation.framework in Frameworks */ = {isa = PBXBuildFile; fileRef = 5F7A490E16FFB4190000D203 /* Foundation.framework */; };
		5F7A491D16FFB6C20000D203 /* CURLHandle.m in Sources */ = {isa = PBXBuildFile; fileRef = 79B96CBC0A6360F90060AC12 /* CURLHandle.m */; };
		5F7A491E16FFB6C20000D203 /* CURLMulti.m in Sources */ = {isa = PBXBuildFile; fileRef = 221EAD10160B167900E4F270 /* CURLMulti.m */; };
		5F7A491F16FFB6C20000D203 /* CURLSocket.m in Sources */ = {isa = PBXBuildFile; fileRef = 22731037161305FF00D6D49E /* CURLSocket.m */; };
		5F7A492016FFB6C20000D203 /* CURLProtocol.m in Sources */ = {isa = PBXBuildFile; fileRef = 27229B3914C83905007D0FF1 /* CURLProtocol.m */; };
		5F7A492116FFB6C20000D203 /* CURLResponse.m in Sources */ = {isa = PBXBuildFile; fileRef = 2270F4A6161090AB009B6F98 /* CURLResponse.m */; };
		5F7A492216FFB6C20000D203 /* NSDictionary+CURLHandle.m in Sources */ = {isa = PBXBuildFile; fileRef = 22767ED8161078F1008D0848 /* NSDictionary+CURLHandle.m */; };
		5F7A492316FFB6C20000D203 /* NSString+CURLHandle.m in Sources */ = {isa = PBXBuildFile; fileRef = 2270F4AB16109133009B6F98 /* NSString+CURLHandle.m */; };
		5F7A492416FFB6C20000D203 /* NSURLRequest+CURLHandle.m in Sources */ = {isa = PBXBuildFile; fileRef = 2270F4A016108D44009B6F98 /* NSURLRequest+CURLHandle.m */; };
		5F7A492516FFB6C20000D203 /* CK2SSHCredential.m in Sources */ = {isa = PBXBuildFile; fileRef = 27D77E121672BBB50091EF91 /* CK2SSHCredential.m */; };
		5F7A492716FFBC7C0000D203 /* CURLMulti.h in Headers */ = {isa = PBXBuildFile; fileRef = 221EAD0F160B167900E4F270 /* CURLMulti.h */; };
		5F7A492816FFBC7C0000D203 /* CURLSocket.h in Headers */ = {isa = PBXBuildFile; fileRef = 22731036161305FF00D6D49E /* CURLSocket.h */; };
		5F7A492916FFBC7C0000D203 /* CURLResponse.h in Headers */ = {isa = PBXBuildFile; fileRef = 2270F4A5161090AB009B6F98 /* CURLResponse.h */; };
		5F7A492A16FFBC7C0000D203 /* NSDictionary+CURLHandle.h in Headers */ = {isa = PBXBuildFile; fileRef = 22767ED7161078F1008D0848 /* NSDictionary+CURLHandle.h */; };
		5F7A492B16FFBC7C0000D203 /* NSString+CURLHandle.h in Headers */ = {isa = PBXBuildFile; fileRef = 2270F4AA16109133009B6F98 /* NSString+CURLHandle.h */; };
		5F7A492C16FFBC7C0000D203 /* CK2SSHCredential.h in Headers */ = {isa = PBXBuildFile; fileRef = 27D77E111672BBB50091EF91 /* CK2SSHCredential.h */; };
		5F7A492D16FFBC850000D203 /* CURLHandle.h in Headers */ = {isa = PBXBuildFile; fileRef = 79B96CBB0A6360F90060AC12 /* CURLHandle.h */; settings = {ATTRIBUTES = (Public, ); }; };
		5F7A492E16FFBC850000D203 /* CURLProtocol.h in Headers */ = {isa = PBXBuildFile; fileRef = 27229B3814C83905007D0FF1 /* CURLProtocol.h */; settings = {ATTRIBUTES = (Public, ); }; };
		5F7A492F16FFBC850000D203 /* NSURLRequest+CURLHandle.h in Headers */ = {isa = PBXBuildFile; fileRef = 2270F49F16108D44009B6F98 /* NSURLRequest+CURLHandle.h */; settings = {ATTRIBUTES = (Public, ); }; };
		5F7A49F61700733D0000D203 /* libcurl.a in Frameworks */ = {isa = PBXBuildFile; fileRef = 5F7A490116FFAF410000D203 /* libcurl.a */; };
		5F7A4A831701A79E0000D203 /* libcares.a in Frameworks */ = {isa = PBXBuildFile; fileRef = 5F7A4A821701A79E0000D203 /* libcares.a */; };
		5F7A4A871701A7A30000D203 /* libssh2.a in Frameworks */ = {isa = PBXBuildFile; fileRef = 5F7A4A861701A7A30000D203 /* libssh2.a */; };
		5F7A4A891701A7A80000D203 /* libssl.a in Frameworks */ = {isa = PBXBuildFile; fileRef = 5F7A4A881701A7A80000D203 /* libssl.a */; };
		5F7A4A8B1701A7AD0000D203 /* libcrypto.a in Frameworks */ = {isa = PBXBuildFile; fileRef = 5F7A4A8A1701A7AD0000D203 /* libcrypto.a */; };
		79B96CAC0A6360E00060AC12 /* SystemConfiguration.framework in Frameworks */ = {isa = PBXBuildFile; fileRef = 79B96CA70A6360E00060AC12 /* SystemConfiguration.framework */; };
		79B96CBF0A6360F90060AC12 /* CURLHandle.h in Headers */ = {isa = PBXBuildFile; fileRef = 79B96CBB0A6360F90060AC12 /* CURLHandle.h */; settings = {ATTRIBUTES = (Public, ); }; };
		79B96CC00A6360F90060AC12 /* CURLHandle.m in Sources */ = {isa = PBXBuildFile; fileRef = 79B96CBC0A6360F90060AC12 /* CURLHandle.m */; };
/* End PBXBuildFile section */

/* Begin PBXContainerItemProxy section */
		22BCCE2B16ADD57700DFFE8D /* PBXContainerItemProxy */ = {
			isa = PBXContainerItemProxy;
			containerPortal = 0867D690FE84028FC02AAC07 /* Project object */;
			proxyType = 1;
			remoteGlobalIDString = 8DC2EF4F0486A6940098B216;
			remoteInfo = CURLHandle;
		};
		5F7A48FE16FFAF410000D203 /* PBXContainerItemProxy */ = {
			isa = PBXContainerItemProxy;
			containerPortal = 5F7A48F616FFAF400000D203 /* curl.xcodeproj */;
			proxyType = 2;
			remoteGlobalIDString = 5F7A48BE16FDC9F50000D203;
			remoteInfo = curl;
		};
		5F7A490016FFAF410000D203 /* PBXContainerItemProxy */ = {
			isa = PBXContainerItemProxy;
			containerPortal = 5F7A48F616FFAF400000D203 /* curl.xcodeproj */;
			proxyType = 2;
			remoteGlobalIDString = 5F7A48C916FDCA040000D203;
			remoteInfo = "curl-iOS";
		};
/* End PBXContainerItemProxy section */

/* Begin PBXCopyFilesBuildPhase section */
		5F7A490B16FFB4190000D203 /* CopyFiles */ = {
			isa = PBXCopyFilesBuildPhase;
			buildActionMask = 2147483647;
			dstPath = "include/${PRODUCT_NAME}";
			dstSubfolderSpec = 16;
			files = (
			);
			runOnlyForDeploymentPostprocessing = 0;
		};
		809AE1C91602C881001D02E1 /* Copy Files - Frameworks */ = {
			isa = PBXCopyFilesBuildPhase;
			buildActionMask = 2147483647;
			dstPath = "";
			dstSubfolderSpec = 10;
			files = (
			);
			name = "Copy Files - Frameworks";
			runOnlyForDeploymentPostprocessing = 0;
		};
/* End PBXCopyFilesBuildPhase section */

/* Begin PBXFileReference section */
		0867D69BFE84028FC02AAC07 /* Foundation.framework */ = {isa = PBXFileReference; lastKnownFileType = wrapper.framework; name = Foundation.framework; path = /System/Library/Frameworks/Foundation.framework; sourceTree = "<absolute>"; };
		22002EDC161097EC00464D33 /* CURLProtocolTests.m */ = {isa = PBXFileReference; fileEncoding = 4; lastKnownFileType = sourcecode.c.objc; path = CURLProtocolTests.m; sourceTree = "<group>"; };
		221EAD0F160B167900E4F270 /* CURLMulti.h */ = {isa = PBXFileReference; fileEncoding = 4; lastKnownFileType = sourcecode.c.h; path = CURLMulti.h; sourceTree = "<group>"; };
		221EAD10160B167900E4F270 /* CURLMulti.m */ = {isa = PBXFileReference; fileEncoding = 4; lastKnownFileType = sourcecode.c.objc; path = CURLMulti.m; sourceTree = "<group>"; };
		223FD092160B523700BE1C80 /* CURLHandleTests.octest */ = {isa = PBXFileReference; explicitFileType = wrapper.cfbundle; includeInIndex = 0; path = CURLHandleTests.octest; sourceTree = BUILT_PRODUCTS_DIR; };
		223FD094160B523700BE1C80 /* SenTestingKit.framework */ = {isa = PBXFileReference; lastKnownFileType = wrapper.framework; name = SenTestingKit.framework; path = Library/Frameworks/SenTestingKit.framework; sourceTree = DEVELOPER_DIR; };
		223FD09E160B523700BE1C80 /* CURLHandleTests-Info.plist */ = {isa = PBXFileReference; lastKnownFileType = text.plist.xml; path = "CURLHandleTests-Info.plist"; sourceTree = "<group>"; };
		223FD0A0160B523700BE1C80 /* en */ = {isa = PBXFileReference; lastKnownFileType = text.plist.strings; name = en; path = en.lproj/InfoPlist.strings; sourceTree = "<group>"; };
		223FD0A3160B523700BE1C80 /* CURLMultiTests.m */ = {isa = PBXFileReference; lastKnownFileType = sourcecode.c.objc; path = CURLMultiTests.m; sourceTree = "<group>"; };
		223FD0A5160B523700BE1C80 /* CURLHandleTests-Prefix.pch */ = {isa = PBXFileReference; lastKnownFileType = sourcecode.c.h; path = "CURLHandleTests-Prefix.pch"; sourceTree = "<group>"; };
		223FD0AB160B5F1200BE1C80 /* CURLHandleTests.m */ = {isa = PBXFileReference; fileEncoding = 4; lastKnownFileType = sourcecode.c.objc; path = CURLHandleTests.m; sourceTree = "<group>"; };
		2270F49F16108D44009B6F98 /* NSURLRequest+CURLHandle.h */ = {isa = PBXFileReference; fileEncoding = 4; lastKnownFileType = sourcecode.c.h; path = "NSURLRequest+CURLHandle.h"; sourceTree = "<group>"; };
		2270F4A016108D44009B6F98 /* NSURLRequest+CURLHandle.m */ = {isa = PBXFileReference; fileEncoding = 4; lastKnownFileType = sourcecode.c.objc; path = "NSURLRequest+CURLHandle.m"; sourceTree = "<group>"; };
		2270F4A5161090AB009B6F98 /* CURLResponse.h */ = {isa = PBXFileReference; fileEncoding = 4; lastKnownFileType = sourcecode.c.h; path = CURLResponse.h; sourceTree = "<group>"; };
		2270F4A6161090AB009B6F98 /* CURLResponse.m */ = {isa = PBXFileReference; fileEncoding = 4; lastKnownFileType = sourcecode.c.objc; path = CURLResponse.m; sourceTree = "<group>"; };
		2270F4AA16109133009B6F98 /* NSString+CURLHandle.h */ = {isa = PBXFileReference; fileEncoding = 4; lastKnownFileType = sourcecode.c.h; path = "NSString+CURLHandle.h"; sourceTree = "<group>"; };
		2270F4AB16109133009B6F98 /* NSString+CURLHandle.m */ = {isa = PBXFileReference; fileEncoding = 4; lastKnownFileType = sourcecode.c.objc; path = "NSString+CURLHandle.m"; sourceTree = "<group>"; };
		22731036161305FF00D6D49E /* CURLSocket.h */ = {isa = PBXFileReference; fileEncoding = 4; lastKnownFileType = sourcecode.c.h; path = CURLSocket.h; sourceTree = "<group>"; };
		22731037161305FF00D6D49E /* CURLSocket.m */ = {isa = PBXFileReference; fileEncoding = 4; lastKnownFileType = sourcecode.c.objc; path = CURLSocket.m; sourceTree = "<group>"; };
		22767ED7161078F1008D0848 /* NSDictionary+CURLHandle.h */ = {isa = PBXFileReference; fileEncoding = 4; lastKnownFileType = sourcecode.c.h; path = "NSDictionary+CURLHandle.h"; sourceTree = "<group>"; };
		22767ED8161078F1008D0848 /* NSDictionary+CURLHandle.m */ = {isa = PBXFileReference; fileEncoding = 4; lastKnownFileType = sourcecode.c.objc; path = "NSDictionary+CURLHandle.m"; sourceTree = "<group>"; };
		2287EBE516B7CF9A0039E555 /* KMSCloseCommand.h */ = {isa = PBXFileReference; fileEncoding = 4; lastKnownFileType = sourcecode.c.h; path = KMSCloseCommand.h; sourceTree = "<group>"; };
		2287EBE616B7CF9A0039E555 /* KMSCloseCommand.m */ = {isa = PBXFileReference; fileEncoding = 4; lastKnownFileType = sourcecode.c.objc; path = KMSCloseCommand.m; sourceTree = "<group>"; };
		2287EBE716B7CF9A0039E555 /* KMSCommand.h */ = {isa = PBXFileReference; fileEncoding = 4; lastKnownFileType = sourcecode.c.h; path = KMSCommand.h; sourceTree = "<group>"; };
		2287EBE816B7CF9A0039E555 /* KMSCommand.m */ = {isa = PBXFileReference; fileEncoding = 4; lastKnownFileType = sourcecode.c.objc; path = KMSCommand.m; sourceTree = "<group>"; };
		2287EBE916B7CF9A0039E555 /* KMSPauseCommand.h */ = {isa = PBXFileReference; fileEncoding = 4; lastKnownFileType = sourcecode.c.h; path = KMSPauseCommand.h; sourceTree = "<group>"; };
		2287EBEA16B7CF9A0039E555 /* KMSPauseCommand.m */ = {isa = PBXFileReference; fileEncoding = 4; lastKnownFileType = sourcecode.c.objc; path = KMSPauseCommand.m; sourceTree = "<group>"; };
		2287EBEB16B7CF9A0039E555 /* KMSSendDataCommand.h */ = {isa = PBXFileReference; fileEncoding = 4; lastKnownFileType = sourcecode.c.h; path = KMSSendDataCommand.h; sourceTree = "<group>"; };
		2287EBEC16B7CF9A0039E555 /* KMSSendDataCommand.m */ = {isa = PBXFileReference; fileEncoding = 4; lastKnownFileType = sourcecode.c.objc; path = KMSSendDataCommand.m; sourceTree = "<group>"; };
		2287EBED16B7CF9A0039E555 /* KMSSendServerDataCommand.h */ = {isa = PBXFileReference; fileEncoding = 4; lastKnownFileType = sourcecode.c.h; path = KMSSendServerDataCommand.h; sourceTree = "<group>"; };
		2287EBEE16B7CF9A0039E555 /* KMSSendServerDataCommand.m */ = {isa = PBXFileReference; fileEncoding = 4; lastKnownFileType = sourcecode.c.objc; path = KMSSendServerDataCommand.m; sourceTree = "<group>"; };
		2287EBEF16B7CF9A0039E555 /* KMSSendStringCommand.h */ = {isa = PBXFileReference; fileEncoding = 4; lastKnownFileType = sourcecode.c.h; path = KMSSendStringCommand.h; sourceTree = "<group>"; };
		2287EBF016B7CF9A0039E555 /* KMSSendStringCommand.m */ = {isa = PBXFileReference; fileEncoding = 4; lastKnownFileType = sourcecode.c.objc; path = KMSSendStringCommand.m; sourceTree = "<group>"; };
		229748FA1610C1AE0042A51A /* CURLHandleBasedTest.h */ = {isa = PBXFileReference; fileEncoding = 4; lastKnownFileType = sourcecode.c.h; path = CURLHandleBasedTest.h; sourceTree = "<group>"; };
		229748FB1610C1AE0042A51A /* CURLHandleBasedTest.m */ = {isa = PBXFileReference; fileEncoding = 4; lastKnownFileType = sourcecode.c.objc; path = CURLHandleBasedTest.m; sourceTree = "<group>"; };
		22BF086216AEECEC009BE5A3 /* KMSConnection.h */ = {isa = PBXFileReference; fileEncoding = 4; lastKnownFileType = sourcecode.c.h; path = KMSConnection.h; sourceTree = "<group>"; };
		22BF086316AEECEC009BE5A3 /* KMSConnection.m */ = {isa = PBXFileReference; fileEncoding = 4; lastKnownFileType = sourcecode.c.objc; path = KMSConnection.m; sourceTree = "<group>"; };
		22BF086416AEECEC009BE5A3 /* KMSListener.h */ = {isa = PBXFileReference; fileEncoding = 4; lastKnownFileType = sourcecode.c.h; path = KMSListener.h; sourceTree = "<group>"; };
		22BF086516AEECEC009BE5A3 /* KMSListener.m */ = {isa = PBXFileReference; fileEncoding = 4; lastKnownFileType = sourcecode.c.objc; path = KMSListener.m; sourceTree = "<group>"; };
		22BF086616AEECEC009BE5A3 /* KMSRegExResponder.h */ = {isa = PBXFileReference; fileEncoding = 4; lastKnownFileType = sourcecode.c.h; path = KMSRegExResponder.h; sourceTree = "<group>"; };
		22BF086716AEECEC009BE5A3 /* KMSRegExResponder.m */ = {isa = PBXFileReference; fileEncoding = 4; lastKnownFileType = sourcecode.c.objc; path = KMSRegExResponder.m; sourceTree = "<group>"; };
		22BF086816AEECEC009BE5A3 /* KMSResponder.h */ = {isa = PBXFileReference; fileEncoding = 4; lastKnownFileType = sourcecode.c.h; path = KMSResponder.h; sourceTree = "<group>"; };
		22BF086916AEECEC009BE5A3 /* KMSResponder.m */ = {isa = PBXFileReference; fileEncoding = 4; lastKnownFileType = sourcecode.c.objc; path = KMSResponder.m; sourceTree = "<group>"; };
		22BF086A16AEECEC009BE5A3 /* KMSResponseCollection.h */ = {isa = PBXFileReference; fileEncoding = 4; lastKnownFileType = sourcecode.c.h; path = KMSResponseCollection.h; sourceTree = "<group>"; };
		22BF086B16AEECEC009BE5A3 /* KMSResponseCollection.m */ = {isa = PBXFileReference; fileEncoding = 4; lastKnownFileType = sourcecode.c.objc; path = KMSResponseCollection.m; sourceTree = "<group>"; };
		22BF086C16AEECEC009BE5A3 /* KMSServer.h */ = {isa = PBXFileReference; fileEncoding = 4; lastKnownFileType = sourcecode.c.h; path = KMSServer.h; sourceTree = "<group>"; };
		22BF086D16AEECEC009BE5A3 /* KMSServer.m */ = {isa = PBXFileReference; fileEncoding = 4; lastKnownFileType = sourcecode.c.objc; path = KMSServer.m; sourceTree = "<group>"; };
		22BF086E16AEECEC009BE5A3 /* KMSState.h */ = {isa = PBXFileReference; fileEncoding = 4; lastKnownFileType = sourcecode.c.h; path = KMSState.h; sourceTree = "<group>"; };
		22BF086F16AEECEC009BE5A3 /* KMSTestCase.h */ = {isa = PBXFileReference; fileEncoding = 4; lastKnownFileType = sourcecode.c.h; path = KMSTestCase.h; sourceTree = "<group>"; };
		22BF087016AEECEC009BE5A3 /* KMSTestCase.m */ = {isa = PBXFileReference; fileEncoding = 4; lastKnownFileType = sourcecode.c.objc; path = KMSTestCase.m; sourceTree = "<group>"; };
		22BF08BF16AEEDA9009BE5A3 /* KMSTranscriptEntry.h */ = {isa = PBXFileReference; fileEncoding = 4; lastKnownFileType = sourcecode.c.h; path = KMSTranscriptEntry.h; sourceTree = "<group>"; };
		22BF08C016AEEDA9009BE5A3 /* KMSTranscriptEntry.m */ = {isa = PBXFileReference; fileEncoding = 4; lastKnownFileType = sourcecode.c.objc; path = KMSTranscriptEntry.m; sourceTree = "<group>"; };
		22BF08C316AEEDD8009BE5A3 /* ftp.json */ = {isa = PBXFileReference; fileEncoding = 4; lastKnownFileType = text.json; path = ftp.json; sourceTree = "<group>"; };
		22BF08C416AEEDD8009BE5A3 /* http.json */ = {isa = PBXFileReference; fileEncoding = 4; lastKnownFileType = text.json; path = http.json; sourceTree = "<group>"; };
		22BF08E116AEEDD9009BE5A3 /* webdav.json */ = {isa = PBXFileReference; fileEncoding = 4; lastKnownFileType = text.json; path = webdav.json; sourceTree = "<group>"; };
		22DC488416CC115300211948 /* TestContent.txt */ = {isa = PBXFileReference; fileEncoding = 4; lastKnownFileType = text; path = TestContent.txt; sourceTree = "<group>"; };
		27229B3814C83905007D0FF1 /* CURLProtocol.h */ = {isa = PBXFileReference; fileEncoding = 4; lastKnownFileType = sourcecode.c.h; path = CURLProtocol.h; sourceTree = "<group>"; };
		27229B3914C83905007D0FF1 /* CURLProtocol.m */ = {isa = PBXFileReference; fileEncoding = 4; lastKnownFileType = sourcecode.c.objc; path = CURLProtocol.m; sourceTree = "<group>"; };
		277D77E1160380AF00906915 /* CFNetwork.framework */ = {isa = PBXFileReference; lastKnownFileType = wrapper.framework; name = CFNetwork.framework; path = System/Library/Frameworks/CFNetwork.framework; sourceTree = SDKROOT; };
		27D77E111672BBB50091EF91 /* CK2SSHCredential.h */ = {isa = PBXFileReference; fileEncoding = 4; lastKnownFileType = sourcecode.c.h; name = CK2SSHCredential.h; path = ../SFTP/Sources/CK2SSHCredential.h; sourceTree = "<group>"; };
		27D77E121672BBB50091EF91 /* CK2SSHCredential.m */ = {isa = PBXFileReference; fileEncoding = 4; lastKnownFileType = sourcecode.c.objc; name = CK2SSHCredential.m; path = ../SFTP/Sources/CK2SSHCredential.m; sourceTree = "<group>"; };
		27D77E151672BD9B0091EF91 /* Security.framework */ = {isa = PBXFileReference; lastKnownFileType = wrapper.framework; name = Security.framework; path = System/Library/Frameworks/Security.framework; sourceTree = SDKROOT; };
		32DBCF5E0370ADEE00C91783 /* CURLHandle_Prefix.pch */ = {isa = PBXFileReference; fileEncoding = 4; lastKnownFileType = sourcecode.c.h; path = CURLHandle_Prefix.pch; sourceTree = "<group>"; };
		5F7A48F616FFAF400000D203 /* curl.xcodeproj */ = {isa = PBXFileReference; lastKnownFileType = "wrapper.pb-project"; name = curl.xcodeproj; path = ../curl.xcodeproj; sourceTree = "<group>"; };
		5F7A490D16FFB4190000D203 /* libCURLHandle-iOS.a */ = {isa = PBXFileReference; explicitFileType = archive.ar; includeInIndex = 0; path = "libCURLHandle-iOS.a"; sourceTree = BUILT_PRODUCTS_DIR; };
		5F7A490E16FFB4190000D203 /* Foundation.framework */ = {isa = PBXFileReference; lastKnownFileType = wrapper.framework; name = Foundation.framework; path = System/Library/Frameworks/Foundation.framework; sourceTree = SDKROOT; };
		5F7A4A821701A79E0000D203 /* libcares.a */ = {isa = PBXFileReference; lastKnownFileType = file; name = libcares.a; path = "../build/Release-iphoneos/libcares.a"; sourceTree = "<group>"; };
		5F7A4A861701A7A30000D203 /* libssh2.a */ = {isa = PBXFileReference; lastKnownFileType = file; name = libssh2.a; path = "../SFTP/build/Release-iphoneos/libssh2.a"; sourceTree = "<group>"; };
		5F7A4A881701A7A80000D203 /* libssl.a */ = {isa = PBXFileReference; lastKnownFileType = file; name = libssl.a; path = "../SFTP/build/Release-iphoneos/libssl.a"; sourceTree = "<group>"; };
		5F7A4A8A1701A7AD0000D203 /* libcrypto.a */ = {isa = PBXFileReference; lastKnownFileType = file; name = libcrypto.a; path = "../SFTP/build/Release-iphoneos/libcrypto.a"; sourceTree = "<group>"; };
		795946890AA88D0000EBF548 /* ResumableHTTPUploader.h */ = {isa = PBXFileReference; fileEncoding = 4; lastKnownFileType = sourcecode.c.h; path = ResumableHTTPUploader.h; sourceTree = "<group>"; };
		7959468A0AA88D0000EBF548 /* ResumableHTTPUploader.m */ = {isa = PBXFileReference; fileEncoding = 4; lastKnownFileType = sourcecode.c.objc; path = ResumableHTTPUploader.m; sourceTree = "<group>"; };
		79B96CA70A6360E00060AC12 /* SystemConfiguration.framework */ = {isa = PBXFileReference; lastKnownFileType = wrapper.framework; name = SystemConfiguration.framework; path = /System/Library/Frameworks/SystemConfiguration.framework; sourceTree = "<absolute>"; };
		79B96CBB0A6360F90060AC12 /* CURLHandle.h */ = {isa = PBXFileReference; fileEncoding = 30; lastKnownFileType = sourcecode.c.h; path = CURLHandle.h; sourceTree = "<group>"; };
		79B96CBC0A6360F90060AC12 /* CURLHandle.m */ = {isa = PBXFileReference; fileEncoding = 30; lastKnownFileType = sourcecode.c.objc; path = CURLHandle.m; sourceTree = "<group>"; };
		79B96CBD0A6360F90060AC12 /* CURLHandle+extras.h */ = {isa = PBXFileReference; fileEncoding = 30; lastKnownFileType = sourcecode.c.h; path = "CURLHandle+extras.h"; sourceTree = "<group>"; };
		79B96CBE0A6360F90060AC12 /* CURLHandle+extras.m */ = {isa = PBXFileReference; fileEncoding = 30; lastKnownFileType = sourcecode.c.objc; path = "CURLHandle+extras.m"; sourceTree = "<group>"; };
		8DC2EF5A0486A6940098B216 /* Info.plist */ = {isa = PBXFileReference; fileEncoding = 4; lastKnownFileType = text.plist; path = Info.plist; sourceTree = "<group>"; };
		8DC2EF5B0486A6940098B216 /* CURLHandle.framework */ = {isa = PBXFileReference; explicitFileType = wrapper.framework; includeInIndex = 0; path = CURLHandle.framework; sourceTree = BUILT_PRODUCTS_DIR; };
/* End PBXFileReference section */

/* Begin PBXFrameworksBuildPhase section */
		223FD08E160B523700BE1C80 /* Frameworks */ = {
			isa = PBXFrameworksBuildPhase;
			buildActionMask = 2147483647;
			files = (
				22BCCE3C16ADD73400DFFE8D /* CFNetwork.framework in Frameworks */,
				22BCCE3316ADD66900DFFE8D /* Security.framework in Frameworks */,
				223FD095160B523700BE1C80 /* SenTestingKit.framework in Frameworks */,
				226B358D16ADAA6D004780A7 /* CURLHandle.framework in Frameworks */,
			);
			runOnlyForDeploymentPostprocessing = 0;
		};
		5F7A490A16FFB4190000D203 /* Frameworks */ = {
			isa = PBXFrameworksBuildPhase;
			buildActionMask = 2147483647;
			files = (
				5F7A4A8B1701A7AD0000D203 /* libcrypto.a in Frameworks */,
				5F7A4A891701A7A80000D203 /* libssl.a in Frameworks */,
				5F7A4A871701A7A30000D203 /* libssh2.a in Frameworks */,
				5F7A4A831701A79E0000D203 /* libcares.a in Frameworks */,
				5F7A49F61700733D0000D203 /* libcurl.a in Frameworks */,
				5F7A490F16FFB4190000D203 /* Foundation.framework in Frameworks */,
			);
			runOnlyForDeploymentPostprocessing = 0;
		};
		8DC2EF560486A6940098B216 /* Frameworks */ = {
			isa = PBXFrameworksBuildPhase;
			buildActionMask = 2147483647;
			files = (
				5F7A490216FFAFAB0000D203 /* libcurl.dylib in Frameworks */,
				277D77E01603804900906915 /* Foundation.framework in Frameworks */,
				277D77E2160380AF00906915 /* CFNetwork.framework in Frameworks */,
				79B96CAC0A6360E00060AC12 /* SystemConfiguration.framework in Frameworks */,
				27D77E161672BD9B0091EF91 /* Security.framework in Frameworks */,
			);
			runOnlyForDeploymentPostprocessing = 0;
		};
/* End PBXFrameworksBuildPhase section */

/* Begin PBXGroup section */
		034768DFFF38A50411DB9C8B /* Products */ = {
			isa = PBXGroup;
			children = (
				8DC2EF5B0486A6940098B216 /* CURLHandle.framework */,
				223FD092160B523700BE1C80 /* CURLHandleTests.octest */,
				5F7A490D16FFB4190000D203 /* libCURLHandle-iOS.a */,
			);
			name = Products;
			sourceTree = "<group>";
		};
		0867D691FE84028FC02AAC07 /* CURLHandle */ = {
			isa = PBXGroup;
			children = (
				08FB77AEFE84172EC02AAC07 /* Source */,
				5F7A492616FFB7010000D203 /* Extras */,
				089C1665FE841158C02AAC07 /* Resources */,
				223FD09C160B523700BE1C80 /* Tests */,
				0867D69AFE84028FC02AAC07 /* Frameworks */,
				034768DFFF38A50411DB9C8B /* Products */,
			);
			name = CURLHandle;
			sourceTree = "<group>";
		};
		0867D69AFE84028FC02AAC07 /* Frameworks */ = {
			isa = PBXGroup;
			children = (
				1058C7B0FEA5585E11CA2CBB /* Apple */,
				5F7A484E16FDA8130000D203 /* Other */,
			);
			name = Frameworks;
			sourceTree = "<group>";
		};
		089C1665FE841158C02AAC07 /* Resources */ = {
			isa = PBXGroup;
			children = (
				8DC2EF5A0486A6940098B216 /* Info.plist */,
			);
			name = Resources;
			sourceTree = "<group>";
		};
		08FB77AEFE84172EC02AAC07 /* Source */ = {
			isa = PBXGroup;
			children = (
				79B96CBB0A6360F90060AC12 /* CURLHandle.h */,
				79B96CBC0A6360F90060AC12 /* CURLHandle.m */,
				221EAD0F160B167900E4F270 /* CURLMulti.h */,
				221EAD10160B167900E4F270 /* CURLMulti.m */,
				22731036161305FF00D6D49E /* CURLSocket.h */,
				22731037161305FF00D6D49E /* CURLSocket.m */,
				27229B3814C83905007D0FF1 /* CURLProtocol.h */,
				27229B3914C83905007D0FF1 /* CURLProtocol.m */,
				2270F4A5161090AB009B6F98 /* CURLResponse.h */,
				2270F4A6161090AB009B6F98 /* CURLResponse.m */,
				32DBCF5E0370ADEE00C91783 /* CURLHandle_Prefix.pch */,
				22767ED7161078F1008D0848 /* NSDictionary+CURLHandle.h */,
				22767ED8161078F1008D0848 /* NSDictionary+CURLHandle.m */,
				2270F4AA16109133009B6F98 /* NSString+CURLHandle.h */,
				2270F4AB16109133009B6F98 /* NSString+CURLHandle.m */,
				2270F49F16108D44009B6F98 /* NSURLRequest+CURLHandle.h */,
				2270F4A016108D44009B6F98 /* NSURLRequest+CURLHandle.m */,
				27D77E111672BBB50091EF91 /* CK2SSHCredential.h */,
				27D77E121672BBB50091EF91 /* CK2SSHCredential.m */,
			);
			name = Source;
			sourceTree = "<group>";
		};
		1058C7B0FEA5585E11CA2CBB /* Apple */ = {
			isa = PBXGroup;
			children = (
				5F7A490E16FFB4190000D203 /* Foundation.framework */,
				79B96CA70A6360E00060AC12 /* SystemConfiguration.framework */,
				0867D69BFE84028FC02AAC07 /* Foundation.framework */,
				277D77E1160380AF00906915 /* CFNetwork.framework */,
				27D77E151672BD9B0091EF91 /* Security.framework */,
				223FD094160B523700BE1C80 /* SenTestingKit.framework */,
			);
			name = Apple;
			sourceTree = "<group>";
		};
		223FD09C160B523700BE1C80 /* Tests */ = {
			isa = PBXGroup;
			children = (
				229748FA1610C1AE0042A51A /* CURLHandleBasedTest.h */,
				229748FB1610C1AE0042A51A /* CURLHandleBasedTest.m */,
				223FD0AB160B5F1200BE1C80 /* CURLHandleTests.m */,
				22002EDC161097EC00464D33 /* CURLProtocolTests.m */,
				223FD0A3160B523700BE1C80 /* CURLMultiTests.m */,
				22BF085916AEECEC009BE5A3 /* MockServer */,
				223FD09D160B523700BE1C80 /* Supporting Files */,
			);
			name = Tests;
			path = CURLHandleTests;
			sourceTree = "<group>";
		};
		223FD09D160B523700BE1C80 /* Supporting Files */ = {
			isa = PBXGroup;
			children = (
				22DC488416CC115300211948 /* TestContent.txt */,
				223FD09E160B523700BE1C80 /* CURLHandleTests-Info.plist */,
				223FD09F160B523700BE1C80 /* InfoPlist.strings */,
				223FD0A5160B523700BE1C80 /* CURLHandleTests-Prefix.pch */,
			);
			name = "Supporting Files";
			sourceTree = "<group>";
		};
		22BF085916AEECEC009BE5A3 /* MockServer */ = {
			isa = PBXGroup;
			children = (
				2287EBE516B7CF9A0039E555 /* KMSCloseCommand.h */,
				2287EBE616B7CF9A0039E555 /* KMSCloseCommand.m */,
				2287EBE716B7CF9A0039E555 /* KMSCommand.h */,
				2287EBE816B7CF9A0039E555 /* KMSCommand.m */,
				22BF086216AEECEC009BE5A3 /* KMSConnection.h */,
				22BF086316AEECEC009BE5A3 /* KMSConnection.m */,
				22BF086416AEECEC009BE5A3 /* KMSListener.h */,
				22BF086516AEECEC009BE5A3 /* KMSListener.m */,
				2287EBE916B7CF9A0039E555 /* KMSPauseCommand.h */,
				2287EBEA16B7CF9A0039E555 /* KMSPauseCommand.m */,
				22BF086616AEECEC009BE5A3 /* KMSRegExResponder.h */,
				22BF086716AEECEC009BE5A3 /* KMSRegExResponder.m */,
				22BF086816AEECEC009BE5A3 /* KMSResponder.h */,
				22BF086916AEECEC009BE5A3 /* KMSResponder.m */,
				22BF086A16AEECEC009BE5A3 /* KMSResponseCollection.h */,
				22BF086B16AEECEC009BE5A3 /* KMSResponseCollection.m */,
				2287EBEB16B7CF9A0039E555 /* KMSSendDataCommand.h */,
				2287EBEC16B7CF9A0039E555 /* KMSSendDataCommand.m */,
				2287EBED16B7CF9A0039E555 /* KMSSendServerDataCommand.h */,
				2287EBEE16B7CF9A0039E555 /* KMSSendServerDataCommand.m */,
				2287EBEF16B7CF9A0039E555 /* KMSSendStringCommand.h */,
				2287EBF016B7CF9A0039E555 /* KMSSendStringCommand.m */,
				22BF086C16AEECEC009BE5A3 /* KMSServer.h */,
				22BF086D16AEECEC009BE5A3 /* KMSServer.m */,
				22BF086E16AEECEC009BE5A3 /* KMSState.h */,
				22BF086F16AEECEC009BE5A3 /* KMSTestCase.h */,
				22BF087016AEECEC009BE5A3 /* KMSTestCase.m */,
				22BF08BF16AEEDA9009BE5A3 /* KMSTranscriptEntry.h */,
				22BF08C016AEEDA9009BE5A3 /* KMSTranscriptEntry.m */,
				22BF08C216AEEDD8009BE5A3 /* UnitTests */,
			);
			path = MockServer;
			sourceTree = "<group>";
		};
		22BF08C216AEEDD8009BE5A3 /* UnitTests */ = {
			isa = PBXGroup;
			children = (
				22BF08C316AEEDD8009BE5A3 /* ftp.json */,
				22BF08C416AEEDD8009BE5A3 /* http.json */,
				22BF08E116AEEDD9009BE5A3 /* webdav.json */,
			);
			path = UnitTests;
			sourceTree = "<group>";
		};
		5F7A484E16FDA8130000D203 /* Other */ = {
			isa = PBXGroup;
			children = (
				5F7A4A921701A7DA0000D203 /* openssl */,
				5F7A4A911701A7D30000D203 /* libssh2 */,
				5F7A4A901701A7CD0000D203 /* c-ares */,
				5F7A4A8C1701A7BA0000D203 /* curl */,
			);
			name = Other;
			sourceTree = "<group>";
		};
		5F7A48F716FFAF400000D203 /* Products */ = {
			isa = PBXGroup;
			children = (
				5F7A48FF16FFAF410000D203 /* libcurl.dylib */,
				5F7A490116FFAF410000D203 /* libcurl.a */,
			);
			name = Products;
			sourceTree = "<group>";
		};
		5F7A492616FFB7010000D203 /* Extras */ = {
			isa = PBXGroup;
			children = (
				79B96CBD0A6360F90060AC12 /* CURLHandle+extras.h */,
				79B96CBE0A6360F90060AC12 /* CURLHandle+extras.m */,
				795946890AA88D0000EBF548 /* ResumableHTTPUploader.h */,
				7959468A0AA88D0000EBF548 /* ResumableHTTPUploader.m */,
			);
			name = Extras;
			sourceTree = "<group>";
		};
		5F7A4A8C1701A7BA0000D203 /* curl */ = {
			isa = PBXGroup;
			children = (
				5F7A48F616FFAF400000D203 /* curl.xcodeproj */,
			);
			name = curl;
			sourceTree = "<group>";
		};
		5F7A4A901701A7CD0000D203 /* c-ares */ = {
			isa = PBXGroup;
			children = (
				5F7A4A821701A79E0000D203 /* libcares.a */,
			);
			name = "c-ares";
			sourceTree = "<group>";
		};
		5F7A4A911701A7D30000D203 /* libssh2 */ = {
			isa = PBXGroup;
			children = (
				5F7A4A861701A7A30000D203 /* libssh2.a */,
			);
			name = libssh2;
			sourceTree = "<group>";
		};
		5F7A4A921701A7DA0000D203 /* openssl */ = {
			isa = PBXGroup;
			children = (
				5F7A4A8A1701A7AD0000D203 /* libcrypto.a */,
				5F7A4A881701A7A80000D203 /* libssl.a */,
			);
			name = openssl;
			sourceTree = "<group>";
		};
/* End PBXGroup section */

/* Begin PBXHeadersBuildPhase section */
		5F7A491C16FFB43C0000D203 /* Headers */ = {
			isa = PBXHeadersBuildPhase;
			buildActionMask = 2147483647;
			files = (
				5F7A492716FFBC7C0000D203 /* CURLMulti.h in Headers */,
				5F7A492816FFBC7C0000D203 /* CURLSocket.h in Headers */,
				5F7A492916FFBC7C0000D203 /* CURLResponse.h in Headers */,
				5F7A492A16FFBC7C0000D203 /* NSDictionary+CURLHandle.h in Headers */,
				5F7A492B16FFBC7C0000D203 /* NSString+CURLHandle.h in Headers */,
				5F7A492C16FFBC7C0000D203 /* CK2SSHCredential.h in Headers */,
				5F7A492D16FFBC850000D203 /* CURLHandle.h in Headers */,
				5F7A492E16FFBC850000D203 /* CURLProtocol.h in Headers */,
				5F7A492F16FFBC850000D203 /* NSURLRequest+CURLHandle.h in Headers */,
			);
			runOnlyForDeploymentPostprocessing = 0;
		};
		8DC2EF500486A6940098B216 /* Headers */ = {
			isa = PBXHeadersBuildPhase;
			buildActionMask = 2147483647;
			files = (
				79B96CBF0A6360F90060AC12 /* CURLHandle.h in Headers */,
				27229B3A14C83905007D0FF1 /* CURLProtocol.h in Headers */,
				221EAD11160B167900E4F270 /* CURLMulti.h in Headers */,
				22767ED9161078F2008D0848 /* NSDictionary+CURLHandle.h in Headers */,
				2270F4A116108D44009B6F98 /* NSURLRequest+CURLHandle.h in Headers */,
				2270F4A7161090AB009B6F98 /* CURLResponse.h in Headers */,
				2270F4AC16109133009B6F98 /* NSString+CURLHandle.h in Headers */,
				22731038161305FF00D6D49E /* CURLSocket.h in Headers */,
				27D77E131672BBB50091EF91 /* CK2SSHCredential.h in Headers */,
			);
			runOnlyForDeploymentPostprocessing = 0;
		};
/* End PBXHeadersBuildPhase section */

/* Begin PBXNativeTarget section */
		223FD091160B523700BE1C80 /* CURLHandleTests */ = {
			isa = PBXNativeTarget;
			buildConfigurationList = 223FD0A6160B523700BE1C80 /* Build configuration list for PBXNativeTarget "CURLHandleTests" */;
			buildPhases = (
				223FD08D160B523700BE1C80 /* Sources */,
				223FD08E160B523700BE1C80 /* Frameworks */,
				223FD08F160B523700BE1C80 /* Resources */,
				223FD090160B523700BE1C80 /* ShellScript */,
			);
			buildRules = (
			);
			dependencies = (
				22BCCE2C16ADD57700DFFE8D /* PBXTargetDependency */,
			);
			name = CURLHandleTests;
			productName = CURLHandleTests;
			productReference = 223FD092160B523700BE1C80 /* CURLHandleTests.octest */;
			productType = "com.apple.product-type.bundle";
		};
		5F7A490C16FFB4190000D203 /* CURLHandle-iOS */ = {
			isa = PBXNativeTarget;
			buildConfigurationList = 5F7A491B16FFB4190000D203 /* Build configuration list for PBXNativeTarget "CURLHandle-iOS" */;
			buildPhases = (
				5F7A491C16FFB43C0000D203 /* Headers */,
				5F7A490916FFB4190000D203 /* Sources */,
				5F7A490A16FFB4190000D203 /* Frameworks */,
				5F7A490B16FFB4190000D203 /* CopyFiles */,
			);
			buildRules = (
			);
			dependencies = (
			);
			name = "CURLHandle-iOS";
			productName = "CURLHandle-iOS";
			productReference = 5F7A490D16FFB4190000D203 /* libCURLHandle-iOS.a */;
			productType = "com.apple.product-type.library.static";
		};
		8DC2EF4F0486A6940098B216 /* CURLHandle */ = {
			isa = PBXNativeTarget;
			buildConfigurationList = 1DEB91AD08733DA50010E9CD /* Build configuration list for PBXNativeTarget "CURLHandle" */;
			buildPhases = (
				8DC2EF500486A6940098B216 /* Headers */,
				8DC2EF520486A6940098B216 /* Resources */,
				8DC2EF540486A6940098B216 /* Sources */,
				8DC2EF560486A6940098B216 /* Frameworks */,
				809AE1C91602C881001D02E1 /* Copy Files - Frameworks */,
			);
			buildRules = (
			);
			dependencies = (
			);
			name = CURLHandle;
			productInstallPath = "$(HOME)/Library/Frameworks";
			productName = CURLHandle;
			productReference = 8DC2EF5B0486A6940098B216 /* CURLHandle.framework */;
			productType = "com.apple.product-type.framework";
		};
/* End PBXNativeTarget section */

/* Begin PBXProject section */
		0867D690FE84028FC02AAC07 /* Project object */ = {
			isa = PBXProject;
			attributes = {
				LastUpgradeCheck = 0460;
				ORGANIZATIONNAME = "Karelia Software";
			};
			buildConfigurationList = 1DEB91B108733DA50010E9CD /* Build configuration list for PBXProject "CURLHandle" */;
			compatibilityVersion = "Xcode 3.2";
			developmentRegion = English;
			hasScannedForEncodings = 1;
			knownRegions = (
				en,
			);
			mainGroup = 0867D691FE84028FC02AAC07 /* CURLHandle */;
			productRefGroup = 034768DFFF38A50411DB9C8B /* Products */;
			projectDirPath = "";
			projectReferences = (
				{
					ProductGroup = 5F7A48F716FFAF400000D203 /* Products */;
					ProjectRef = 5F7A48F616FFAF400000D203 /* curl.xcodeproj */;
				},
			);
			projectRoot = "";
			targets = (
				8DC2EF4F0486A6940098B216 /* CURLHandle */,
				223FD091160B523700BE1C80 /* CURLHandleTests */,
				5F7A490C16FFB4190000D203 /* CURLHandle-iOS */,
			);
		};
/* End PBXProject section */

/* Begin PBXReferenceProxy section */
		5F7A48FF16FFAF410000D203 /* libcurl.dylib */ = {
			isa = PBXReferenceProxy;
			fileType = "compiled.mach-o.dylib";
			path = libcurl.dylib;
			remoteRef = 5F7A48FE16FFAF410000D203 /* PBXContainerItemProxy */;
			sourceTree = BUILT_PRODUCTS_DIR;
		};
		5F7A490116FFAF410000D203 /* libcurl.a */ = {
			isa = PBXReferenceProxy;
			fileType = archive.ar;
			path = libcurl.a;
			remoteRef = 5F7A490016FFAF410000D203 /* PBXContainerItemProxy */;
			sourceTree = BUILT_PRODUCTS_DIR;
		};
/* End PBXReferenceProxy section */

/* Begin PBXResourcesBuildPhase section */
		223FD08F160B523700BE1C80 /* Resources */ = {
			isa = PBXResourcesBuildPhase;
			buildActionMask = 2147483647;
			files = (
				223FD0A1160B523700BE1C80 /* InfoPlist.strings in Resources */,
				22BF08E216AEEDD9009BE5A3 /* ftp.json in Resources */,
				22BF08E316AEEDD9009BE5A3 /* http.json in Resources */,
				22BF08F316AEEDD9009BE5A3 /* webdav.json in Resources */,
				22DC488516CC115300211948 /* TestContent.txt in Resources */,
			);
			runOnlyForDeploymentPostprocessing = 0;
		};
		8DC2EF520486A6940098B216 /* Resources */ = {
			isa = PBXResourcesBuildPhase;
			buildActionMask = 2147483647;
			files = (
			);
			runOnlyForDeploymentPostprocessing = 0;
		};
/* End PBXResourcesBuildPhase section */

/* Begin PBXShellScriptBuildPhase section */
		223FD090160B523700BE1C80 /* ShellScript */ = {
			isa = PBXShellScriptBuildPhase;
			buildActionMask = 2147483647;
			files = (
			);
			inputPaths = (
			);
			outputPaths = (
			);
			runOnlyForDeploymentPostprocessing = 0;
			shellPath = /bin/sh;
			shellScript = "# Run the unit tests in this test bundle.\n\"${SYSTEM_DEVELOPER_DIR}/Tools/RunUnitTests\"\n";
			showEnvVarsInLog = 0;
		};
/* End PBXShellScriptBuildPhase section */

/* Begin PBXSourcesBuildPhase section */
		223FD08D160B523700BE1C80 /* Sources */ = {
			isa = PBXSourcesBuildPhase;
			buildActionMask = 2147483647;
			files = (
				223FD0A4160B523700BE1C80 /* CURLMultiTests.m in Sources */,
				223FD0AC160B5F1200BE1C80 /* CURLHandleTests.m in Sources */,
				22002EDD161097EC00464D33 /* CURLProtocolTests.m in Sources */,
				229748FC1610C1AE0042A51A /* CURLHandleBasedTest.m in Sources */,
				22BF089C16AEECEC009BE5A3 /* KMSConnection.m in Sources */,
				22BF089D16AEECEC009BE5A3 /* KMSListener.m in Sources */,
				22BF089E16AEECEC009BE5A3 /* KMSRegExResponder.m in Sources */,
				22BF089F16AEECEC009BE5A3 /* KMSResponder.m in Sources */,
				22BF08A016AEECEC009BE5A3 /* KMSResponseCollection.m in Sources */,
				22BF08A116AEECEC009BE5A3 /* KMSServer.m in Sources */,
				22BF08A216AEECEC009BE5A3 /* KMSTestCase.m in Sources */,
				22BF08C116AEEDA9009BE5A3 /* KMSTranscriptEntry.m in Sources */,
				2287EBF116B7CF9A0039E555 /* KMSCloseCommand.m in Sources */,
				2287EBF216B7CF9A0039E555 /* KMSCommand.m in Sources */,
				2287EBF316B7CF9A0039E555 /* KMSPauseCommand.m in Sources */,
				2287EBF416B7CF9A0039E555 /* KMSSendDataCommand.m in Sources */,
				2287EBF516B7CF9A0039E555 /* KMSSendServerDataCommand.m in Sources */,
				2287EBF616B7CF9A0039E555 /* KMSSendStringCommand.m in Sources */,
			);
			runOnlyForDeploymentPostprocessing = 0;
		};
		5F7A490916FFB4190000D203 /* Sources */ = {
			isa = PBXSourcesBuildPhase;
			buildActionMask = 2147483647;
			files = (
				5F7A491D16FFB6C20000D203 /* CURLHandle.m in Sources */,
				5F7A491E16FFB6C20000D203 /* CURLMulti.m in Sources */,
				5F7A491F16FFB6C20000D203 /* CURLSocket.m in Sources */,
				5F7A492016FFB6C20000D203 /* CURLProtocol.m in Sources */,
				5F7A492116FFB6C20000D203 /* CURLResponse.m in Sources */,
				5F7A492216FFB6C20000D203 /* NSDictionary+CURLHandle.m in Sources */,
				5F7A492316FFB6C20000D203 /* NSString+CURLHandle.m in Sources */,
				5F7A492416FFB6C20000D203 /* NSURLRequest+CURLHandle.m in Sources */,
				5F7A492516FFB6C20000D203 /* CK2SSHCredential.m in Sources */,
			);
			runOnlyForDeploymentPostprocessing = 0;
		};
		8DC2EF540486A6940098B216 /* Sources */ = {
			isa = PBXSourcesBuildPhase;
			buildActionMask = 2147483647;
			files = (
				79B96CC00A6360F90060AC12 /* CURLHandle.m in Sources */,
				27229B3B14C83905007D0FF1 /* CURLProtocol.m in Sources */,
				221EAD12160B167900E4F270 /* CURLMulti.m in Sources */,
				22767EDA161078F2008D0848 /* NSDictionary+CURLHandle.m in Sources */,
				2270F4A8161090AB009B6F98 /* CURLResponse.m in Sources */,
				2270F4AD16109133009B6F98 /* NSString+CURLHandle.m in Sources */,
				22731039161305FF00D6D49E /* CURLSocket.m in Sources */,
				22BF085516AEAA76009BE5A3 /* NSURLRequest+CURLHandle.m in Sources */,
				22BF085616AEAA7A009BE5A3 /* CK2SSHCredential.m in Sources */,
			);
			runOnlyForDeploymentPostprocessing = 0;
		};
/* End PBXSourcesBuildPhase section */

/* Begin PBXTargetDependency section */
		22BCCE2C16ADD57700DFFE8D /* PBXTargetDependency */ = {
			isa = PBXTargetDependency;
			target = 8DC2EF4F0486A6940098B216 /* CURLHandle */;
			targetProxy = 22BCCE2B16ADD57700DFFE8D /* PBXContainerItemProxy */;
		};
/* End PBXTargetDependency section */

/* Begin PBXVariantGroup section */
		223FD09F160B523700BE1C80 /* InfoPlist.strings */ = {
			isa = PBXVariantGroup;
			children = (
				223FD0A0160B523700BE1C80 /* en */,
			);
			name = InfoPlist.strings;
			sourceTree = "<group>";
		};
/* End PBXVariantGroup section */

/* Begin XCBuildConfiguration section */
		1DEB91AE08733DA50010E9CD /* Debug */ = {
			isa = XCBuildConfiguration;
			buildSettings = {
				DYLIB_COMPATIBILITY_VERSION = 1;
				DYLIB_CURRENT_VERSION = 1;
				FRAMEWORK_VERSION = A;
				GCC_PREFIX_HEADER = CURLHandle_Prefix.pch;
				"HEADER_SEARCH_PATHS[arch=i386]" = "${BUILT_PRODUCTS_DIR}/include-${PLATFORM_NAME}-i386";
				"HEADER_SEARCH_PATHS[arch=x86_64]" = "${BUILT_PRODUCTS_DIR}/include-${PLATFORM_NAME}-x86_64";
				INFOPLIST_FILE = Info.plist;
				INSTALL_PATH = "@rpath";
				LD_RUNPATH_SEARCH_PATHS = "@loader_path/Frameworks";
				PRODUCT_NAME = CURLHandle;
				WRAPPER_EXTENSION = framework;
			};
			name = Debug;
		};
		1DEB91AF08733DA50010E9CD /* Release */ = {
			isa = XCBuildConfiguration;
			buildSettings = {
				DYLIB_COMPATIBILITY_VERSION = 1;
				DYLIB_CURRENT_VERSION = 1;
				FRAMEWORK_VERSION = A;
				GCC_PREFIX_HEADER = CURLHandle_Prefix.pch;
				"HEADER_SEARCH_PATHS[arch=i386]" = "${BUILT_PRODUCTS_DIR}/include-${PLATFORM_NAME}-i386";
				"HEADER_SEARCH_PATHS[arch=x86_64]" = "${BUILT_PRODUCTS_DIR}/include-${PLATFORM_NAME}-x86_64";
				INFOPLIST_FILE = Info.plist;
				INSTALL_PATH = "@rpath";
				LD_RUNPATH_SEARCH_PATHS = "@loader_path/Frameworks";
				PRODUCT_NAME = CURLHandle;
				WRAPPER_EXTENSION = framework;
			};
			name = Release;
		};
		1DEB91B208733DA50010E9CD /* Debug */ = {
			isa = XCBuildConfiguration;
			buildSettings = {
				ARCHS = "$(ARCHS_STANDARD_32_64_BIT)";
				CLANG_WARN_EMPTY_BODY = YES;
				CLANG_WARN__DUPLICATE_METHOD_MATCH = YES;
				COMBINE_HIDPI_IMAGES = YES;
				COPY_PHASE_STRIP = NO;
				DEBUG_INFORMATION_FORMAT = "dwarf-with-dsym";
				GCC_DYNAMIC_NO_PIC = NO;
				GCC_INCREASE_PRECOMPILED_HEADER_SHARING = NO;
				GCC_OPTIMIZATION_LEVEL = 0;
				GCC_PRECOMPILE_PREFIX_HEADER = YES;
				GCC_PREPROCESSOR_DEFINITIONS = (
					"DEBUG=1",
					"$(inherited)",
				);
				GCC_WARN_64_TO_32_BIT_CONVERSION = YES;
				GCC_WARN_ABOUT_RETURN_TYPE = YES;
				GCC_WARN_UNINITIALIZED_AUTOS = YES;
				GCC_WARN_UNUSED_VARIABLE = YES;
				MACOSX_DEPLOYMENT_TARGET = 10.6;
				ONLY_ACTIVE_ARCH = YES;
				RUN_CLANG_STATIC_ANALYZER = YES;
				SDKROOT = macosx;
			};
			name = Debug;
		};
		1DEB91B308733DA50010E9CD /* Release */ = {
			isa = XCBuildConfiguration;
			buildSettings = {
				ARCHS = "$(ARCHS_STANDARD_32_64_BIT)";
				CLANG_WARN_EMPTY_BODY = YES;
				CLANG_WARN__DUPLICATE_METHOD_MATCH = YES;
				COMBINE_HIDPI_IMAGES = YES;
				DEBUG_INFORMATION_FORMAT = "dwarf-with-dsym";
				GCC_INCREASE_PRECOMPILED_HEADER_SHARING = NO;
				GCC_PRECOMPILE_PREFIX_HEADER = YES;
				GCC_WARN_64_TO_32_BIT_CONVERSION = YES;
				GCC_WARN_ABOUT_RETURN_TYPE = YES;
				GCC_WARN_UNINITIALIZED_AUTOS = YES;
				GCC_WARN_UNUSED_VARIABLE = YES;
				MACOSX_DEPLOYMENT_TARGET = 10.6;
				RUN_CLANG_STATIC_ANALYZER = YES;
				SDKROOT = macosx;
			};
			name = Release;
		};
		223FD0A7160B523700BE1C80 /* Debug */ = {
			isa = XCBuildConfiguration;
			buildSettings = {
				FRAMEWORK_SEARCH_PATHS = "$(DEVELOPER_LIBRARY_DIR)/Frameworks";
				GCC_PREFIX_HEADER = "CURLHandleTests/CURLHandleTests-Prefix.pch";
				GCC_SYMBOLS_PRIVATE_EXTERN = NO;
				INFOPLIST_FILE = "CURLHandleTests/CURLHandleTests-Info.plist";
				LD_RUNPATH_SEARCH_PATHS = "@loader_path/Frameworks @loader_path/../Frameworks";
				PRODUCT_NAME = "$(TARGET_NAME)";
				WRAPPER_EXTENSION = octest;
			};
			name = Debug;
		};
		223FD0A8160B523700BE1C80 /* Release */ = {
			isa = XCBuildConfiguration;
			buildSettings = {
				FRAMEWORK_SEARCH_PATHS = "$(DEVELOPER_LIBRARY_DIR)/Frameworks";
				GCC_PREFIX_HEADER = "CURLHandleTests/CURLHandleTests-Prefix.pch";
				INFOPLIST_FILE = "CURLHandleTests/CURLHandleTests-Info.plist";
				LD_RUNPATH_SEARCH_PATHS = "@loader_path/Frameworks @loader_path/../Frameworks";
				PRODUCT_NAME = "$(TARGET_NAME)";
				WRAPPER_EXTENSION = octest;
			};
			name = Release;
		};
		5F7A491716FFB4190000D203 /* Debug */ = {
			isa = XCBuildConfiguration;
			buildSettings = {
				ALWAYS_SEARCH_USER_PATHS = NO;
				CLANG_CXX_LANGUAGE_STANDARD = "gnu++0x";
				CLANG_CXX_LIBRARY = "libc++";
				CLANG_WARN_CONSTANT_CONVERSION = YES;
				CLANG_WARN_ENUM_CONVERSION = YES;
				CLANG_WARN_INT_CONVERSION = YES;
				DSTROOT = /tmp/CURLHandle_iOS.dst;
				GCC_C_LANGUAGE_STANDARD = gnu99;
				GCC_PRECOMPILE_PREFIX_HEADER = YES;
				GCC_SYMBOLS_PRIVATE_EXTERN = NO;
				"HEADER_SEARCH_PATHS[arch=armv7]" = "${BUILT_PRODUCTS_DIR}/${PUBLIC_HEADERS_FOLDER_PATH}-${PLATFORM_NAME}-armv7";
				"HEADER_SEARCH_PATHS[arch=armv7s]" = "${BUILT_PRODUCTS_DIR}/${PUBLIC_HEADERS_FOLDER_PATH}-${PLATFORM_NAME}-armv7s";
				"HEADER_SEARCH_PATHS[sdk=iphonesimulator*]" = "${BUILT_PRODUCTS_DIR}/include-${PLATFORM_NAME}-i386";
				IPHONEOS_DEPLOYMENT_TARGET = 6.1;
				PRIVATE_HEADERS_FOLDER_PATH = "include/CURLHandle-private";
				PRODUCT_NAME = "$(TARGET_NAME)";
				PUBLIC_HEADERS_FOLDER_PATH = include/CURLHandle;
				SDKROOT = iphoneos;
				SKIP_INSTALL = YES;
			};
			name = Debug;
		};
		5F7A491816FFB4190000D203 /* Release */ = {
			isa = XCBuildConfiguration;
			buildSettings = {
				ALWAYS_SEARCH_USER_PATHS = NO;
				CLANG_CXX_LANGUAGE_STANDARD = "gnu++0x";
				CLANG_CXX_LIBRARY = "libc++";
				CLANG_WARN_CONSTANT_CONVERSION = YES;
				CLANG_WARN_ENUM_CONVERSION = YES;
				CLANG_WARN_INT_CONVERSION = YES;
				COPY_PHASE_STRIP = YES;
				DSTROOT = /tmp/CURLHandle_iOS.dst;
				GCC_C_LANGUAGE_STANDARD = gnu99;
				GCC_PRECOMPILE_PREFIX_HEADER = YES;
				"HEADER_SEARCH_PATHS[arch=armv7]" = "${BUILT_PRODUCTS_DIR}/${PUBLIC_HEADERS_FOLDER_PATH}-${PLATFORM_NAME}-armv7";
				"HEADER_SEARCH_PATHS[arch=armv7s]" = "${BUILT_PRODUCTS_DIR}/${PUBLIC_HEADERS_FOLDER_PATH}-${PLATFORM_NAME}-armv7s";
				"HEADER_SEARCH_PATHS[sdk=iphonesimulator*]" = "${BUILT_PRODUCTS_DIR}/${PUBLIC_HEADERS_FOLDER_PATH}-${PLATFORM_NAME}-i386";
				IPHONEOS_DEPLOYMENT_TARGET = 6.1;
				PRIVATE_HEADERS_FOLDER_PATH = "include/CURLHandle-private";
				PRODUCT_NAME = "$(TARGET_NAME)";
				PUBLIC_HEADERS_FOLDER_PATH = include/CURLHandle;
				SDKROOT = iphoneos;
				SKIP_INSTALL = YES;
				VALIDATE_PRODUCT = YES;
			};
			name = Release;
		};
/* End XCBuildConfiguration section */

/* Begin XCConfigurationList section */
		1DEB91AD08733DA50010E9CD /* Build configuration list for PBXNativeTarget "CURLHandle" */ = {
			isa = XCConfigurationList;
			buildConfigurations = (
				1DEB91AE08733DA50010E9CD /* Debug */,
				1DEB91AF08733DA50010E9CD /* Release */,
			);
			defaultConfigurationIsVisible = 0;
			defaultConfigurationName = Release;
		};
		1DEB91B108733DA50010E9CD /* Build configuration list for PBXProject "CURLHandle" */ = {
			isa = XCConfigurationList;
			buildConfigurations = (
				1DEB91B208733DA50010E9CD /* Debug */,
				1DEB91B308733DA50010E9CD /* Release */,
			);
			defaultConfigurationIsVisible = 0;
			defaultConfigurationName = Release;
		};
		223FD0A6160B523700BE1C80 /* Build configuration list for PBXNativeTarget "CURLHandleTests" */ = {
			isa = XCConfigurationList;
			buildConfigurations = (
				223FD0A7160B523700BE1C80 /* Debug */,
				223FD0A8160B523700BE1C80 /* Release */,
			);
			defaultConfigurationIsVisible = 0;
			defaultConfigurationName = Release;
		};
		5F7A491B16FFB4190000D203 /* Build configuration list for PBXNativeTarget "CURLHandle-iOS" */ = {
			isa = XCConfigurationList;
			buildConfigurations = (
				5F7A491716FFB4190000D203 /* Debug */,
				5F7A491816FFB4190000D203 /* Release */,
			);
			defaultConfigurationIsVisible = 0;
			defaultConfigurationName = Release;
		};
/* End XCConfigurationList section */
	};
	rootObject = 0867D690FE84028FC02AAC07 /* Project object */;
}
