// !$*UTF8*$!
{
	archiveVersion = 1;
	classes = {
	};
	objectVersion = 46;
	objects = {

/* Begin PBXBuildFile section */
		CD92ED4D16A172D70035A117 /* liblibcurl.a in Frameworks */ = {isa = PBXBuildFile; fileRef = CDDD23F316A171D400693DE6 /* liblibcurl.a */; };
		CDDD237316A0886800693DE6 /* Foundation.framework in Frameworks */ = {isa = PBXBuildFile; fileRef = CDDD237216A0886800693DE6 /* Foundation.framework */; };
		CDDD238216A0894B00693DE6 /* CURLHandle.m in Sources */ = {isa = PBXBuildFile; fileRef = 79B96CBC0A6360F90060AC12 /* CURLHandle.m */; };
		CDDD238316A0894B00693DE6 /* CURLMulti.m in Sources */ = {isa = PBXBuildFile; fileRef = 221EAD10160B167900E4F270 /* CURLMulti.m */; };
		CDDD238416A0894B00693DE6 /* CURLSocket.m in Sources */ = {isa = PBXBuildFile; fileRef = 22731037161305FF00D6D49E /* CURLSocket.m */; };
		CDDD238516A0894B00693DE6 /* CURLProtocol.m in Sources */ = {isa = PBXBuildFile; fileRef = 27229B3914C83905007D0FF1 /* CURLProtocol.m */; };
		CDDD238616A0894B00693DE6 /* CURLResponse.m in Sources */ = {isa = PBXBuildFile; fileRef = 2270F4A6161090AB009B6F98 /* CURLResponse.m */; };
		CDDD238716A0894B00693DE6 /* NSDictionary+CURLHandle.m in Sources */ = {isa = PBXBuildFile; fileRef = 22767ED8161078F1008D0848 /* NSDictionary+CURLHandle.m */; };
		CDDD238816A0894B00693DE6 /* NSString+CURLHandle.m in Sources */ = {isa = PBXBuildFile; fileRef = 2270F4AB16109133009B6F98 /* NSString+CURLHandle.m */; };
		CDDD238916A0894B00693DE6 /* NSURLRequest+CURLHandle.m in Sources */ = {isa = PBXBuildFile; fileRef = 2270F4A016108D44009B6F98 /* NSURLRequest+CURLHandle.m */; };
		CDDD238A16A0894B00693DE6 /* CK2SSHCredential.m in Sources */ = {isa = PBXBuildFile; fileRef = 27D77E121672BBB50091EF91 /* CK2SSHCredential.m */; };
		CDDD238C16A0896E00693DE6 /* Security.framework in Frameworks */ = {isa = PBXBuildFile; fileRef = CDDD238B16A0896E00693DE6 /* Security.framework */; };
		CDDD238E16A0897800693DE6 /* SystemConfiguration.framework in Frameworks */ = {isa = PBXBuildFile; fileRef = CDDD238D16A0897800693DE6 /* SystemConfiguration.framework */; };
		CDDD239016A0899700693DE6 /* CFNetwork.framework in Frameworks */ = {isa = PBXBuildFile; fileRef = CDDD238F16A0899700693DE6 /* CFNetwork.framework */; };
/* End PBXBuildFile section */

/* Begin PBXContainerItemProxy section */
		CDDD23F216A171D400693DE6 /* PBXContainerItemProxy */ = {
			isa = PBXContainerItemProxy;
			containerPortal = CDDD23EB16A171D300693DE6 /* libcurl.xcodeproj */;
			proxyType = 2;
			remoteGlobalIDString = CD8AE2B416187F770095DC1B;
			remoteInfo = curl;
		};
/* End PBXContainerItemProxy section */

/* Begin PBXCopyFilesBuildPhase section */
		CDDD236F16A0886800693DE6 /* CopyFiles */ = {
			isa = PBXCopyFilesBuildPhase;
			buildActionMask = 2147483647;
			dstPath = "include/${PRODUCT_NAME}";
			dstSubfolderSpec = 16;
			files = (
			);
			runOnlyForDeploymentPostprocessing = 0;
		};
/* End PBXCopyFilesBuildPhase section */

/* Begin PBXFileReference section */
		22002EDC161097EC00464D33 /* CURLProtocolTests.m */ = {isa = PBXFileReference; fileEncoding = 4; lastKnownFileType = sourcecode.c.objc; path = CURLProtocolTests.m; sourceTree = "<group>"; };
		221EAD0F160B167900E4F270 /* CURLMulti.h */ = {isa = PBXFileReference; fileEncoding = 4; lastKnownFileType = sourcecode.c.h; path = CURLMulti.h; sourceTree = "<group>"; };
		221EAD10160B167900E4F270 /* CURLMulti.m */ = {isa = PBXFileReference; fileEncoding = 4; lastKnownFileType = sourcecode.c.objc; path = CURLMulti.m; sourceTree = "<group>"; };
		223FD094160B523700BE1C80 /* SenTestingKit.framework */ = {isa = PBXFileReference; lastKnownFileType = wrapper.framework; name = SenTestingKit.framework; path = Library/Frameworks/SenTestingKit.framework; sourceTree = DEVELOPER_DIR; };
		223FD09E160B523700BE1C80 /* CURLHandleTests-Info.plist */ = {isa = PBXFileReference; lastKnownFileType = text.plist.xml; path = "CURLHandleTests-Info.plist"; sourceTree = "<group>"; };
		223FD0A0160B523700BE1C80 /* en */ = {isa = PBXFileReference; lastKnownFileType = text.plist.strings; name = en; path = en.lproj/InfoPlist.strings; sourceTree = "<group>"; };
		223FD0A3160B523700BE1C80 /* CURLMultiTests.m */ = {isa = PBXFileReference; lastKnownFileType = sourcecode.c.objc; path = CURLMultiTests.m; sourceTree = "<group>"; };
		223FD0A5160B523700BE1C80 /* CURLHandleTests-Prefix.pch */ = {isa = PBXFileReference; lastKnownFileType = sourcecode.c.h; path = "CURLHandleTests-Prefix.pch"; sourceTree = "<group>"; };
		223FD0AB160B5F1200BE1C80 /* CURLHandleTests.m */ = {isa = PBXFileReference; fileEncoding = 4; lastKnownFileType = sourcecode.c.objc; path = CURLHandleTests.m; sourceTree = "<group>"; };
		223FD0B1160B63F800BE1C80 /* DevNotes.txt */ = {isa = PBXFileReference; fileEncoding = 4; lastKnownFileType = text; name = DevNotes.txt; path = ../../DevNotes.txt; sourceTree = "<group>"; };
		2270F49F16108D44009B6F98 /* NSURLRequest+CURLHandle.h */ = {isa = PBXFileReference; fileEncoding = 4; lastKnownFileType = sourcecode.c.h; path = "NSURLRequest+CURLHandle.h"; sourceTree = "<group>"; };
		2270F4A016108D44009B6F98 /* NSURLRequest+CURLHandle.m */ = {isa = PBXFileReference; fileEncoding = 4; lastKnownFileType = sourcecode.c.objc; path = "NSURLRequest+CURLHandle.m"; sourceTree = "<group>"; };
		2270F4A5161090AB009B6F98 /* CURLResponse.h */ = {isa = PBXFileReference; fileEncoding = 4; lastKnownFileType = sourcecode.c.h; path = CURLResponse.h; sourceTree = "<group>"; };
		2270F4A6161090AB009B6F98 /* CURLResponse.m */ = {isa = PBXFileReference; fileEncoding = 4; lastKnownFileType = sourcecode.c.objc; path = CURLResponse.m; sourceTree = "<group>"; };
		2270F4AA16109133009B6F98 /* NSString+CURLHandle.h */ = {isa = PBXFileReference; fileEncoding = 4; lastKnownFileType = sourcecode.c.h; path = "NSString+CURLHandle.h"; sourceTree = "<group>"; };
		2270F4AB16109133009B6F98 /* NSString+CURLHandle.m */ = {isa = PBXFileReference; fileEncoding = 4; lastKnownFileType = sourcecode.c.objc; path = "NSString+CURLHandle.m"; sourceTree = "<group>"; };
		22731036161305FF00D6D49E /* CURLSocket.h */ = {isa = PBXFileReference; fileEncoding = 4; lastKnownFileType = sourcecode.c.h; path = CURLSocket.h; sourceTree = "<group>"; };
		22731037161305FF00D6D49E /* CURLSocket.m */ = {isa = PBXFileReference; fileEncoding = 4; lastKnownFileType = sourcecode.c.objc; path = CURLSocket.m; sourceTree = "<group>"; };
		22767ED7161078F1008D0848 /* NSDictionary+CURLHandle.h */ = {isa = PBXFileReference; fileEncoding = 4; lastKnownFileType = sourcecode.c.h; path = "NSDictionary+CURLHandle.h"; sourceTree = "<group>"; };
		22767ED8161078F1008D0848 /* NSDictionary+CURLHandle.m */ = {isa = PBXFileReference; fileEncoding = 4; lastKnownFileType = sourcecode.c.objc; path = "NSDictionary+CURLHandle.m"; sourceTree = "<group>"; };
		229748FA1610C1AE0042A51A /* CURLHandleBasedTest.h */ = {isa = PBXFileReference; fileEncoding = 4; lastKnownFileType = sourcecode.c.h; path = CURLHandleBasedTest.h; sourceTree = "<group>"; };
		229748FB1610C1AE0042A51A /* CURLHandleBasedTest.m */ = {isa = PBXFileReference; fileEncoding = 4; lastKnownFileType = sourcecode.c.objc; path = CURLHandleBasedTest.m; sourceTree = "<group>"; };
		27229B3814C83905007D0FF1 /* CURLProtocol.h */ = {isa = PBXFileReference; fileEncoding = 4; lastKnownFileType = sourcecode.c.h; path = CURLProtocol.h; sourceTree = "<group>"; };
		27229B3914C83905007D0FF1 /* CURLProtocol.m */ = {isa = PBXFileReference; fileEncoding = 4; lastKnownFileType = sourcecode.c.objc; path = CURLProtocol.m; sourceTree = "<group>"; };
		27D77E111672BBB50091EF91 /* CK2SSHCredential.h */ = {isa = PBXFileReference; fileEncoding = 4; lastKnownFileType = sourcecode.c.h; name = CK2SSHCredential.h; path = ../SFTP/CK2SSHCredential.h; sourceTree = "<group>"; };
		27D77E121672BBB50091EF91 /* CK2SSHCredential.m */ = {isa = PBXFileReference; fileEncoding = 4; lastKnownFileType = sourcecode.c.objc; name = CK2SSHCredential.m; path = ../SFTP/CK2SSHCredential.m; sourceTree = "<group>"; };
		32DBCF5E0370ADEE00C91783 /* CURLHandle_Prefix.pch */ = {isa = PBXFileReference; fileEncoding = 4; lastKnownFileType = sourcecode.c.h; path = CURLHandle_Prefix.pch; sourceTree = "<group>"; };
		795946890AA88D0000EBF548 /* ResumableHTTPUploader.h */ = {isa = PBXFileReference; fileEncoding = 4; lastKnownFileType = sourcecode.c.h; path = ResumableHTTPUploader.h; sourceTree = "<group>"; };
		7959468A0AA88D0000EBF548 /* ResumableHTTPUploader.m */ = {isa = PBXFileReference; fileEncoding = 4; lastKnownFileType = sourcecode.c.objc; path = ResumableHTTPUploader.m; sourceTree = "<group>"; };
		79B96CBB0A6360F90060AC12 /* CURLHandle.h */ = {isa = PBXFileReference; fileEncoding = 30; lastKnownFileType = sourcecode.c.h; path = CURLHandle.h; sourceTree = "<group>"; };
		79B96CBC0A6360F90060AC12 /* CURLHandle.m */ = {isa = PBXFileReference; fileEncoding = 30; lastKnownFileType = sourcecode.c.objc; path = CURLHandle.m; sourceTree = "<group>"; };
		79B96CBD0A6360F90060AC12 /* CURLHandle+extras.h */ = {isa = PBXFileReference; fileEncoding = 30; lastKnownFileType = sourcecode.c.h; path = "CURLHandle+extras.h"; sourceTree = "<group>"; };
		79B96CBE0A6360F90060AC12 /* CURLHandle+extras.m */ = {isa = PBXFileReference; fileEncoding = 30; lastKnownFileType = sourcecode.c.objc; path = "CURLHandle+extras.m"; sourceTree = "<group>"; };
		80080316166962C7004D39F5 /* libcurl-README.txt */ = {isa = PBXFileReference; fileEncoding = 4; lastKnownFileType = text; path = "libcurl-README.txt"; sourceTree = "<group>"; };
		8008031816696329004D39F5 /* curl */ = {isa = PBXFileReference; lastKnownFileType = folder; name = curl; path = ../curl; sourceTree = "<group>"; };
		8008031D166A93C4004D39F5 /* libcares-README.txt */ = {isa = PBXFileReference; lastKnownFileType = text; path = "libcares-README.txt"; sourceTree = "<group>"; };
		8008031E166A93DD004D39F5 /* c-ares */ = {isa = PBXFileReference; lastKnownFileType = folder; name = "c-ares"; path = "../c-ares"; sourceTree = "<group>"; };
		8DC2EF5A0486A6940098B216 /* Info.plist */ = {isa = PBXFileReference; fileEncoding = 4; lastKnownFileType = text.plist; path = Info.plist; sourceTree = "<group>"; };
		CDDD237116A0886800693DE6 /* libcurlhandle.a */ = {isa = PBXFileReference; explicitFileType = archive.ar; includeInIndex = 0; path = libcurlhandle.a; sourceTree = BUILT_PRODUCTS_DIR; };
		CDDD237216A0886800693DE6 /* Foundation.framework */ = {isa = PBXFileReference; lastKnownFileType = wrapper.framework; name = Foundation.framework; path = System/Library/Frameworks/Foundation.framework; sourceTree = SDKROOT; };
		CDDD238B16A0896E00693DE6 /* Security.framework */ = {isa = PBXFileReference; lastKnownFileType = wrapper.framework; name = Security.framework; path = Platforms/iPhoneOS.platform/Developer/SDKs/iPhoneOS6.0.sdk/System/Library/Frameworks/Security.framework; sourceTree = DEVELOPER_DIR; };
		CDDD238D16A0897800693DE6 /* SystemConfiguration.framework */ = {isa = PBXFileReference; lastKnownFileType = wrapper.framework; name = SystemConfiguration.framework; path = Platforms/iPhoneOS.platform/Developer/SDKs/iPhoneOS6.0.sdk/System/Library/Frameworks/SystemConfiguration.framework; sourceTree = DEVELOPER_DIR; };
		CDDD238F16A0899700693DE6 /* CFNetwork.framework */ = {isa = PBXFileReference; lastKnownFileType = wrapper.framework; name = CFNetwork.framework; path = Platforms/iPhoneOS.platform/Developer/SDKs/iPhoneOS6.0.sdk/System/Library/Frameworks/CFNetwork.framework; sourceTree = DEVELOPER_DIR; };
		CDDD23EB16A171D300693DE6 /* libcurl.xcodeproj */ = {isa = PBXFileReference; lastKnownFileType = "wrapper.pb-project"; name = libcurl.xcodeproj; path = "../libcurl-for-iOS/libcurl.xcodeproj"; sourceTree = "<group>"; };
/* End PBXFileReference section */

/* Begin PBXFrameworksBuildPhase section */
		CDDD236E16A0886800693DE6 /* Frameworks */ = {
			isa = PBXFrameworksBuildPhase;
			buildActionMask = 2147483647;
			files = (
				CD92ED4D16A172D70035A117 /* liblibcurl.a in Frameworks */,
				CDDD239016A0899700693DE6 /* CFNetwork.framework in Frameworks */,
				CDDD238E16A0897800693DE6 /* SystemConfiguration.framework in Frameworks */,
				CDDD238C16A0896E00693DE6 /* Security.framework in Frameworks */,
				CDDD237316A0886800693DE6 /* Foundation.framework in Frameworks */,
			);
			runOnlyForDeploymentPostprocessing = 0;
		};
/* End PBXFrameworksBuildPhase section */

/* Begin PBXGroup section */
		034768DFFF38A50411DB9C8B /* Products */ = {
			isa = PBXGroup;
			children = (
				CDDD237116A0886800693DE6 /* libcurlhandle.a */,
			);
			name = Products;
			sourceTree = "<group>";
		};
		0867D691FE84028FC02AAC07 /* CURLHandle */ = {
			isa = PBXGroup;
			children = (
				8008031D166A93C4004D39F5 /* libcares-README.txt */,
				8008031E166A93DD004D39F5 /* c-ares */,
				80080316166962C7004D39F5 /* libcurl-README.txt */,
				8008031816696329004D39F5 /* curl */,
				08FB77AEFE84172EC02AAC07 /* CURLHandle */,
				089C1665FE841158C02AAC07 /* Resources */,
				223FD09C160B523700BE1C80 /* CURLHandleTests */,
				223FD093160B523700BE1C80 /* Frameworks */,
				034768DFFF38A50411DB9C8B /* Products */,
			);
			name = CURLHandle;
			sourceTree = "<group>";
		};
		089C1665FE841158C02AAC07 /* Resources */ = {
			isa = PBXGroup;
			children = (
				8DC2EF5A0486A6940098B216 /* Info.plist */,
			);
			name = Resources;
			sourceTree = "<group>";
		};
		08FB77AEFE84172EC02AAC07 /* CURLHandle */ = {
			isa = PBXGroup;
			children = (
				79B96CBB0A6360F90060AC12 /* CURLHandle.h */,
				79B96CBC0A6360F90060AC12 /* CURLHandle.m */,
				221EAD0F160B167900E4F270 /* CURLMulti.h */,
				221EAD10160B167900E4F270 /* CURLMulti.m */,
				22731036161305FF00D6D49E /* CURLSocket.h */,
				22731037161305FF00D6D49E /* CURLSocket.m */,
				79B96CBD0A6360F90060AC12 /* CURLHandle+extras.h */,
				79B96CBE0A6360F90060AC12 /* CURLHandle+extras.m */,
				27229B3814C83905007D0FF1 /* CURLProtocol.h */,
				27229B3914C83905007D0FF1 /* CURLProtocol.m */,
				2270F4A5161090AB009B6F98 /* CURLResponse.h */,
				2270F4A6161090AB009B6F98 /* CURLResponse.m */,
				795946890AA88D0000EBF548 /* ResumableHTTPUploader.h */,
				7959468A0AA88D0000EBF548 /* ResumableHTTPUploader.m */,
				32DBCF5E0370ADEE00C91783 /* CURLHandle_Prefix.pch */,
				22767ED7161078F1008D0848 /* NSDictionary+CURLHandle.h */,
				22767ED8161078F1008D0848 /* NSDictionary+CURLHandle.m */,
				2270F4AA16109133009B6F98 /* NSString+CURLHandle.h */,
				2270F4AB16109133009B6F98 /* NSString+CURLHandle.m */,
				2270F49F16108D44009B6F98 /* NSURLRequest+CURLHandle.h */,
				2270F4A016108D44009B6F98 /* NSURLRequest+CURLHandle.m */,
				27D77E111672BBB50091EF91 /* CK2SSHCredential.h */,
				27D77E121672BBB50091EF91 /* CK2SSHCredential.m */,
			);
			name = CURLHandle;
			sourceTree = "<group>";
		};
		223FD093160B523700BE1C80 /* Frameworks */ = {
			isa = PBXGroup;
			children = (
				CDDD23EB16A171D300693DE6 /* libcurl.xcodeproj */,
				CDDD238F16A0899700693DE6 /* CFNetwork.framework */,
				CDDD238D16A0897800693DE6 /* SystemConfiguration.framework */,
				CDDD238B16A0896E00693DE6 /* Security.framework */,
				223FD094160B523700BE1C80 /* SenTestingKit.framework */,
				CDDD237216A0886800693DE6 /* Foundation.framework */,
			);
			name = Frameworks;
			sourceTree = "<group>";
		};
		223FD09C160B523700BE1C80 /* CURLHandleTests */ = {
			isa = PBXGroup;
			children = (
				229748FA1610C1AE0042A51A /* CURLHandleBasedTest.h */,
				229748FB1610C1AE0042A51A /* CURLHandleBasedTest.m */,
				223FD0AB160B5F1200BE1C80 /* CURLHandleTests.m */,
				22002EDC161097EC00464D33 /* CURLProtocolTests.m */,
				223FD0A3160B523700BE1C80 /* CURLMultiTests.m */,
				223FD09D160B523700BE1C80 /* Supporting Files */,
			);
			path = CURLHandleTests;
			sourceTree = "<group>";
		};
		223FD09D160B523700BE1C80 /* Supporting Files */ = {
			isa = PBXGroup;
			children = (
				223FD0B1160B63F800BE1C80 /* DevNotes.txt */,
				223FD09E160B523700BE1C80 /* CURLHandleTests-Info.plist */,
				223FD09F160B523700BE1C80 /* InfoPlist.strings */,
				223FD0A5160B523700BE1C80 /* CURLHandleTests-Prefix.pch */,
			);
			name = "Supporting Files";
			sourceTree = "<group>";
		};
		CDDD23EC16A171D300693DE6 /* Products */ = {
			isa = PBXGroup;
			children = (
				CDDD23F316A171D400693DE6 /* liblibcurl.a */,
			);
			name = Products;
			sourceTree = "<group>";
		};
/* End PBXGroup section */

/* Begin PBXNativeTarget section */
		CDDD237016A0886800693DE6 /* curlhandle */ = {
			isa = PBXNativeTarget;
			buildConfigurationList = CDDD237D16A0886800693DE6 /* Build configuration list for PBXNativeTarget "curlhandle" */;
			buildPhases = (
				CDDD236D16A0886800693DE6 /* Sources */,
				CDDD236E16A0886800693DE6 /* Frameworks */,
				CDDD236F16A0886800693DE6 /* CopyFiles */,
			);
			buildRules = (
			);
			dependencies = (
			);
			name = curlhandle;
			productName = curlhandle;
			productReference = CDDD237116A0886800693DE6 /* libcurlhandle.a */;
			productType = "com.apple.product-type.library.static";
		};
/* End PBXNativeTarget section */

/* Begin PBXProject section */
		0867D690FE84028FC02AAC07 /* Project object */ = {
			isa = PBXProject;
			attributes = {
				LastUpgradeCheck = 0460;
				ORGANIZATIONNAME = "Karelia Software";
			};
			buildConfigurationList = 1DEB91B108733DA50010E9CD /* Build configuration list for PBXProject "CURLHandle-for-iOS" */;
			compatibilityVersion = "Xcode 3.2";
			developmentRegion = English;
			hasScannedForEncodings = 1;
			knownRegions = (
				en,
			);
			mainGroup = 0867D691FE84028FC02AAC07 /* CURLHandle */;
			productRefGroup = 034768DFFF38A50411DB9C8B /* Products */;
			projectDirPath = "";
			projectReferences = (
				{
					ProductGroup = CDDD23EC16A171D300693DE6 /* Products */;
					ProjectRef = CDDD23EB16A171D300693DE6 /* libcurl.xcodeproj */;
				},
			);
			projectRoot = "";
			targets = (
				CDDD237016A0886800693DE6 /* curlhandle */,
			);
		};
/* End PBXProject section */

/* Begin PBXReferenceProxy section */
		CDDD23F316A171D400693DE6 /* liblibcurl.a */ = {
			isa = PBXReferenceProxy;
			fileType = archive.ar;
			name = liblibcurl.a;
			path = libcurl.a;
			remoteRef = CDDD23F216A171D400693DE6 /* PBXContainerItemProxy */;
			sourceTree = BUILT_PRODUCTS_DIR;
		};
/* End PBXReferenceProxy section */

/* Begin PBXSourcesBuildPhase section */
		CDDD236D16A0886800693DE6 /* Sources */ = {
			isa = PBXSourcesBuildPhase;
			buildActionMask = 2147483647;
			files = (
				CDDD238216A0894B00693DE6 /* CURLHandle.m in Sources */,
				CDDD238316A0894B00693DE6 /* CURLMulti.m in Sources */,
				CDDD238416A0894B00693DE6 /* CURLSocket.m in Sources */,
				CDDD238516A0894B00693DE6 /* CURLProtocol.m in Sources */,
				CDDD238616A0894B00693DE6 /* CURLResponse.m in Sources */,
				CDDD238716A0894B00693DE6 /* NSDictionary+CURLHandle.m in Sources */,
				CDDD238816A0894B00693DE6 /* NSString+CURLHandle.m in Sources */,
				CDDD238916A0894B00693DE6 /* NSURLRequest+CURLHandle.m in Sources */,
				CDDD238A16A0894B00693DE6 /* CK2SSHCredential.m in Sources */,
			);
			runOnlyForDeploymentPostprocessing = 0;
		};
/* End PBXSourcesBuildPhase section */

/* Begin PBXVariantGroup section */
		223FD09F160B523700BE1C80 /* InfoPlist.strings */ = {
			isa = PBXVariantGroup;
			children = (
				223FD0A0160B523700BE1C80 /* en */,
			);
			name = InfoPlist.strings;
			sourceTree = "<group>";
		};
/* End PBXVariantGroup section */

/* Begin XCBuildConfiguration section */
		1DEB91B208733DA50010E9CD /* Debug */ = {
			isa = XCBuildConfiguration;
			buildSettings = {
				ARCHS = "$(ARCHS_STANDARD_32_64_BIT)";
				GCC_TREAT_WARNINGS_AS_ERRORS = NO;
				GCC_WARN_ABOUT_RETURN_TYPE = YES;
				GCC_WARN_UNUSED_VARIABLE = YES;
				MACOSX_DEPLOYMENT_TARGET = 10.6;
				ONLY_ACTIVE_ARCH = YES;
				SDKROOT = macosx;
			};
			name = Debug;
		};
		1DEB91B308733DA50010E9CD /* Release */ = {
			isa = XCBuildConfiguration;
			buildSettings = {
				ARCHS = "$(ARCHS_STANDARD_32_64_BIT)";
				GCC_TREAT_WARNINGS_AS_ERRORS = YES;
				GCC_WARN_ABOUT_RETURN_TYPE = YES;
				GCC_WARN_UNUSED_VARIABLE = YES;
				MACOSX_DEPLOYMENT_TARGET = 10.6;
				SDKROOT = macosx;
			};
			name = Release;
		};
		CDDD237B16A0886800693DE6 /* Debug */ = {
			isa = XCBuildConfiguration;
			buildSettings = {
				ALWAYS_SEARCH_USER_PATHS = NO;
				CLANG_CXX_LANGUAGE_STANDARD = "gnu++0x";
				CLANG_CXX_LIBRARY = "libc++";
				CLANG_WARN_EMPTY_BODY = YES;
				CLANG_WARN__DUPLICATE_METHOD_MATCH = YES;
				COPY_PHASE_STRIP = NO;
				DSTROOT = /tmp/curlhandle.dst;
				GCC_C_LANGUAGE_STANDARD = gnu99;
				GCC_DYNAMIC_NO_PIC = NO;
				GCC_OPTIMIZATION_LEVEL = 0;
				GCC_PRECOMPILE_PREFIX_HEADER = YES;
				GCC_PREFIX_HEADER = CURLHandle_Prefix.pch;
				GCC_PREPROCESSOR_DEFINITIONS = (
					"DEBUG=1",
					"$(inherited)",
				);
				GCC_SYMBOLS_PRIVATE_EXTERN = NO;
				GCC_WARN_UNINITIALIZED_AUTOS = YES;
				HEADER_SEARCH_PATHS = "$(SOURCE_ROOT)/../libcurl-for-iOS/curl/include";
				IPHONEOS_DEPLOYMENT_TARGET = 6.0;
				OTHER_LDFLAGS = "-ObjC";
				PRODUCT_NAME = "$(TARGET_NAME)";
				SDKROOT = iphoneos;
				SKIP_INSTALL = YES;
			};
			name = Debug;
		};
		CDDD237C16A0886800693DE6 /* Release */ = {
			isa = XCBuildConfiguration;
			buildSettings = {
				ALWAYS_SEARCH_USER_PATHS = NO;
				CLANG_CXX_LANGUAGE_STANDARD = "gnu++0x";
				CLANG_CXX_LIBRARY = "libc++";
				CLANG_WARN_EMPTY_BODY = YES;
				CLANG_WARN__DUPLICATE_METHOD_MATCH = YES;
				COPY_PHASE_STRIP = YES;
				DSTROOT = /tmp/curlhandle.dst;
				GCC_C_LANGUAGE_STANDARD = gnu99;
				GCC_PRECOMPILE_PREFIX_HEADER = YES;
				GCC_PREFIX_HEADER = CURLHandle_Prefix.pch;
				GCC_WARN_UNINITIALIZED_AUTOS = YES;
				HEADER_SEARCH_PATHS = "$(SOURCE_ROOT)/../libcurl-for-iOS/curl/include";
				IPHONEOS_DEPLOYMENT_TARGET = 6.0;
				OTHER_LDFLAGS = "-ObjC";
				PRODUCT_NAME = "$(TARGET_NAME)";
				SDKROOT = iphoneos;
				SKIP_INSTALL = YES;
				VALIDATE_PRODUCT = YES;
			};
			name = Release;
		};
/* End XCBuildConfiguration section */

/* Begin XCConfigurationList section */
		1DEB91B108733DA50010E9CD /* Build configuration list for PBXProject "CURLHandle-for-iOS" */ = {
			isa = XCConfigurationList;
			buildConfigurations = (
				1DEB91B208733DA50010E9CD /* Debug */,
				1DEB91B308733DA50010E9CD /* Release */,
			);
			defaultConfigurationIsVisible = 0;
			defaultConfigurationName = Release;
		};
		CDDD237D16A0886800693DE6 /* Build configuration list for PBXNativeTarget "curlhandle" */ = {
			isa = XCConfigurationList;
			buildConfigurations = (
				CDDD237B16A0886800693DE6 /* Debug */,
				CDDD237C16A0886800693DE6 /* Release */,
			);
			defaultConfigurationIsVisible = 0;
			defaultConfigurationName = Release;
		};
/* End XCConfigurationList section */
	};
	rootObject = 0867D690FE84028FC02AAC07 /* Project object */;
}
